// !$*UTF8*$!
{
	archiveVersion = 1;
	classes = {
	};
	objectVersion = 51;
	objects = {

/* Begin PBXBuildFile section */
		8700E4FF260BA36A00606A26 /* MessageBar.swift in Sources */ = {isa = PBXBuildFile; fileRef = 8700E4FE260BA36A00606A26 /* MessageBar.swift */; };
		8700E502260BA3CC00606A26 /* MessageTextView.swift in Sources */ = {isa = PBXBuildFile; fileRef = 8700E501260BA3CC00606A26 /* MessageTextView.swift */; };
		8706E189260926CF003DF879 /* FirestoreService.swift in Sources */ = {isa = PBXBuildFile; fileRef = 8706E188260926CF003DF879 /* FirestoreService.swift */; };
		8706E18C26092790003DF879 /* ListenerService.swift in Sources */ = {isa = PBXBuildFile; fileRef = 8706E18B26092790003DF879 /* ListenerService.swift */; };
		8709378B25F4F5DD0036CD73 /* UIWindow + Extension.swift in Sources */ = {isa = PBXBuildFile; fileRef = 8709378A25F4F5DD0036CD73 /* UIWindow + Extension.swift */; };
		870D4A2F25FFD76500104806 /* ProfileVC + Extension.swift in Sources */ = {isa = PBXBuildFile; fileRef = 870D4A2E25FFD76500104806 /* ProfileVC + Extension.swift */; };
		8712503F25F3DA4900804702 /* ThemeButtonView.swift in Sources */ = {isa = PBXBuildFile; fileRef = 8712503E25F3DA4900804702 /* ThemeButtonView.swift */; };
		87222DA025F2AC9400FF36E8 /* ThemesPickerDelegate.swift in Sources */ = {isa = PBXBuildFile; fileRef = 87222D9F25F2AC9400FF36E8 /* ThemesPickerDelegate.swift */; };
		872346A125D6858100ED3E4E /* AppDelegate.swift in Sources */ = {isa = PBXBuildFile; fileRef = 872346A025D6858100ED3E4E /* AppDelegate.swift */; };
		872346A825D6858100ED3E4E /* Main.storyboard in Resources */ = {isa = PBXBuildFile; fileRef = 872346A625D6858100ED3E4E /* Main.storyboard */; };
		872346AB25D6858100ED3E4E /* MyChat.xcdatamodeld in Sources */ = {isa = PBXBuildFile; fileRef = 872346A925D6858100ED3E4E /* MyChat.xcdatamodeld */; };
		872346AD25D6858400ED3E4E /* Assets.xcassets in Resources */ = {isa = PBXBuildFile; fileRef = 872346AC25D6858400ED3E4E /* Assets.xcassets */; };
		872346B025D6858400ED3E4E /* LaunchScreen.storyboard in Resources */ = {isa = PBXBuildFile; fileRef = 872346AE25D6858400ED3E4E /* LaunchScreen.storyboard */; };
		8733C02D25E558E100705BD4 /* AvatarView.swift in Sources */ = {isa = PBXBuildFile; fileRef = 8733C02C25E558E100705BD4 /* AvatarView.swift */; };
		873F8CBA2614671F009C9BCD /* CoreDataStack.swift in Sources */ = {isa = PBXBuildFile; fileRef = 873F8CB92614671F009C9BCD /* CoreDataStack.swift */; };
		873F8CBD2614675E009C9BCD /* ObjectExtensions.swift in Sources */ = {isa = PBXBuildFile; fileRef = 873F8CBC2614675E009C9BCD /* ObjectExtensions.swift */; };
		873F8CC026146EE7009C9BCD /* MyChatRequest.swift in Sources */ = {isa = PBXBuildFile; fileRef = 873F8CBF26146EE7009C9BCD /* MyChatRequest.swift */; };
		873FAEA826068B4200ECBE33 /* FileNames.swift in Sources */ = {isa = PBXBuildFile; fileRef = 873FAEA726068B4200ECBE33 /* FileNames.swift */; };
		87476A27260C8EAA00979EB3 /* String + Extension.swift in Sources */ = {isa = PBXBuildFile; fileRef = 87476A26260C8EAA00979EB3 /* String + Extension.swift */; };
		874E44A325E2959F0045DCEE /* UIAlertController + Extension.swift in Sources */ = {isa = PBXBuildFile; fileRef = 874E44A225E2959F0045DCEE /* UIAlertController + Extension.swift */; };
		8752E98025E96A9700DECEF3 /* Profile.storyboard in Resources */ = {isa = PBXBuildFile; fileRef = 8752E97F25E96A9700DECEF3 /* Profile.storyboard */; };
		8752E98325E9789D00DECEF3 /* MessageCellConfiguration.swift in Sources */ = {isa = PBXBuildFile; fileRef = 8752E98225E9789D00DECEF3 /* MessageCellConfiguration.swift */; };
		8759982325F687DA00D6F710 /* ThemesManager.swift in Sources */ = {isa = PBXBuildFile; fileRef = 8759982225F687DA00D6F710 /* ThemesManager.swift */; };
		8759A9AC25E94C4000B945D5 /* Date + Extension.swift in Sources */ = {isa = PBXBuildFile; fileRef = 8759A9AB25E94C4000B945D5 /* Date + Extension.swift */; };
		8759A9AF25E9530D00B945D5 /* ConversationViewController.swift in Sources */ = {isa = PBXBuildFile; fileRef = 8759A9AE25E9530D00B945D5 /* ConversationViewController.swift */; };
		8759A9B325E953E000B945D5 /* IncomingCell.swift in Sources */ = {isa = PBXBuildFile; fileRef = 8759A9B225E953E000B945D5 /* IncomingCell.swift */; };
		875F539325FFCF3300038B1F /* UIViewController + extension.swift in Sources */ = {isa = PBXBuildFile; fileRef = 875F539225FFCF3300038B1F /* UIViewController + extension.swift */; };
		8762A27F25EFAB3E000C4679 /* DateManager.swift in Sources */ = {isa = PBXBuildFile; fileRef = 8762A27E25EFAB3E000C4679 /* DateManager.swift */; };
		876B809825E1A35A00D0D323 /* ProfileViewController.swift in Sources */ = {isa = PBXBuildFile; fileRef = 876B809725E1A35A00D0D323 /* ProfileViewController.swift */; };
		8770ACC526090D210024D69D /* GoogleService-Info.plist in Resources */ = {isa = PBXBuildFile; fileRef = 8770ACC426090D210024D69D /* GoogleService-Info.plist */; };
		877A571F25F9825C00742428 /* UIImageView + Extension.swift in Sources */ = {isa = PBXBuildFile; fileRef = 877A571E25F9825C00742428 /* UIImageView + Extension.swift */; };
		877C1B3825F1722800290FCD /* ThemesViewController.swift in Sources */ = {isa = PBXBuildFile; fileRef = 877C1B3725F1722800290FCD /* ThemesViewController.swift */; };
		877DD89C25E8E1BE002B8ADC /* ConversationCellConfiguration.swift in Sources */ = {isa = PBXBuildFile; fileRef = 877DD89B25E8E1BE002B8ADC /* ConversationCellConfiguration.swift */; };
		877DD8B525E8E6BA002B8ADC /* ConversationListCell.swift in Sources */ = {isa = PBXBuildFile; fileRef = 877DD8B425E8E6BA002B8ADC /* ConversationListCell.swift */; };
		877DD8CC25E90534002B8ADC /* ConversationListViewController.swift in Sources */ = {isa = PBXBuildFile; fileRef = 877DD8CB25E90534002B8ADC /* ConversationListViewController.swift */; };
		879232BC260776BA004422A2 /* Channel.swift in Sources */ = {isa = PBXBuildFile; fileRef = 879232BB260776BA004422A2 /* Channel.swift */; };
		879232BF260776E3004422A2 /* Message.swift in Sources */ = {isa = PBXBuildFile; fileRef = 879232BE260776E3004422A2 /* Message.swift */; };
		879E6BCD25F7796800E0EB8A /* PaletteProtocol.swift in Sources */ = {isa = PBXBuildFile; fileRef = 879E6BCC25F7796800E0EB8A /* PaletteProtocol.swift */; };
		87B7C8B825EA9D9B00A99C94 /* OutgoingCell.swift in Sources */ = {isa = PBXBuildFile; fileRef = 87B7C8B725EA9D9B00A99C94 /* OutgoingCell.swift */; };
		87BB3FBE25FE6FBF00FAB54B /* ProfileService.swift in Sources */ = {isa = PBXBuildFile; fileRef = 87BB3FBD25FE6FBF00FAB54B /* ProfileService.swift */; };
		87BB3FC425FE707200FAB54B /* SaveProfileService.swift in Sources */ = {isa = PBXBuildFile; fileRef = 87BB3FC325FE707200FAB54B /* SaveProfileService.swift */; };
		87BB3FC725FE70F000FAB54B /* FilesManager.swift in Sources */ = {isa = PBXBuildFile; fileRef = 87BB3FC625FE70F000FAB54B /* FilesManager.swift */; };
		87BB3FCA25FE8ED500FAB54B /* Profile.swift in Sources */ = {isa = PBXBuildFile; fileRef = 87BB3FC925FE8ED500FAB54B /* Profile.swift */; };
		87C0C919260CDDF5009C66D5 /* ErrorAlert.swift in Sources */ = {isa = PBXBuildFile; fileRef = 87C0C918260CDDF5009C66D5 /* ErrorAlert.swift */; };
		87C2187E26134CB800E17BF3 /* SpeechBubble.swift in Sources */ = {isa = PBXBuildFile; fileRef = 87C2187D26134CB800E17BF3 /* SpeechBubble.swift */; };
		A6BDFA07FFD77B5DB4CF3103 /* Pods_MyChat.framework in Frameworks */ = {isa = PBXBuildFile; fileRef = 23F1C18C045BE98A152320D6 /* Pods_MyChat.framework */; };
/* End PBXBuildFile section */

/* Begin PBXFileReference section */
		23F1C18C045BE98A152320D6 /* Pods_MyChat.framework */ = {isa = PBXFileReference; explicitFileType = wrapper.framework; includeInIndex = 0; path = Pods_MyChat.framework; sourceTree = BUILT_PRODUCTS_DIR; };
		3EB716B43F5F699C62DC162D /* Pods-MyChat.debug.xcconfig */ = {isa = PBXFileReference; includeInIndex = 1; lastKnownFileType = text.xcconfig; name = "Pods-MyChat.debug.xcconfig"; path = "Target Support Files/Pods-MyChat/Pods-MyChat.debug.xcconfig"; sourceTree = "<group>"; };
		8700E4FE260BA36A00606A26 /* MessageBar.swift */ = {isa = PBXFileReference; lastKnownFileType = sourcecode.swift; path = MessageBar.swift; sourceTree = "<group>"; };
		8700E501260BA3CC00606A26 /* MessageTextView.swift */ = {isa = PBXFileReference; lastKnownFileType = sourcecode.swift; path = MessageTextView.swift; sourceTree = "<group>"; };
		8706E188260926CF003DF879 /* FirestoreService.swift */ = {isa = PBXFileReference; lastKnownFileType = sourcecode.swift; path = FirestoreService.swift; sourceTree = "<group>"; };
		8706E18B26092790003DF879 /* ListenerService.swift */ = {isa = PBXFileReference; lastKnownFileType = sourcecode.swift; path = ListenerService.swift; sourceTree = "<group>"; };
		8709378A25F4F5DD0036CD73 /* UIWindow + Extension.swift */ = {isa = PBXFileReference; lastKnownFileType = sourcecode.swift; path = "UIWindow + Extension.swift"; sourceTree = "<group>"; };
		870D4A2E25FFD76500104806 /* ProfileVC + Extension.swift */ = {isa = PBXFileReference; lastKnownFileType = sourcecode.swift; path = "ProfileVC + Extension.swift"; sourceTree = "<group>"; };
		8712503E25F3DA4900804702 /* ThemeButtonView.swift */ = {isa = PBXFileReference; lastKnownFileType = sourcecode.swift; path = ThemeButtonView.swift; sourceTree = "<group>"; };
		87222D9F25F2AC9400FF36E8 /* ThemesPickerDelegate.swift */ = {isa = PBXFileReference; lastKnownFileType = sourcecode.swift; path = ThemesPickerDelegate.swift; sourceTree = "<group>"; };
		8723469D25D6858100ED3E4E /* MyChat.app */ = {isa = PBXFileReference; explicitFileType = wrapper.application; includeInIndex = 0; path = MyChat.app; sourceTree = BUILT_PRODUCTS_DIR; };
		872346A025D6858100ED3E4E /* AppDelegate.swift */ = {isa = PBXFileReference; lastKnownFileType = sourcecode.swift; path = AppDelegate.swift; sourceTree = "<group>"; };
		872346A725D6858100ED3E4E /* Base */ = {isa = PBXFileReference; lastKnownFileType = file.storyboard; name = Base; path = Base.lproj/Main.storyboard; sourceTree = "<group>"; };
		872346AA25D6858100ED3E4E /* MyChat.xcdatamodel */ = {isa = PBXFileReference; lastKnownFileType = wrapper.xcdatamodel; path = MyChat.xcdatamodel; sourceTree = "<group>"; };
		872346AC25D6858400ED3E4E /* Assets.xcassets */ = {isa = PBXFileReference; lastKnownFileType = folder.assetcatalog; path = Assets.xcassets; sourceTree = "<group>"; };
		872346AF25D6858400ED3E4E /* Base */ = {isa = PBXFileReference; lastKnownFileType = file.storyboard; name = Base; path = Base.lproj/LaunchScreen.storyboard; sourceTree = "<group>"; };
		872346B125D6858400ED3E4E /* Info.plist */ = {isa = PBXFileReference; lastKnownFileType = text.plist.xml; path = Info.plist; sourceTree = "<group>"; };
		8733C02C25E558E100705BD4 /* AvatarView.swift */ = {isa = PBXFileReference; lastKnownFileType = sourcecode.swift; path = AvatarView.swift; sourceTree = "<group>"; };
		873F8CB92614671F009C9BCD /* CoreDataStack.swift */ = {isa = PBXFileReference; lastKnownFileType = sourcecode.swift; path = CoreDataStack.swift; sourceTree = "<group>"; };
		873F8CBC2614675E009C9BCD /* ObjectExtensions.swift */ = {isa = PBXFileReference; lastKnownFileType = sourcecode.swift; path = ObjectExtensions.swift; sourceTree = "<group>"; };
		873F8CBF26146EE7009C9BCD /* MyChatRequest.swift */ = {isa = PBXFileReference; lastKnownFileType = sourcecode.swift; path = MyChatRequest.swift; sourceTree = "<group>"; };
		873FAEA726068B4200ECBE33 /* FileNames.swift */ = {isa = PBXFileReference; lastKnownFileType = sourcecode.swift; path = FileNames.swift; sourceTree = "<group>"; };
		87476A26260C8EAA00979EB3 /* String + Extension.swift */ = {isa = PBXFileReference; lastKnownFileType = sourcecode.swift; path = "String + Extension.swift"; sourceTree = "<group>"; };
		874E44A225E2959F0045DCEE /* UIAlertController + Extension.swift */ = {isa = PBXFileReference; lastKnownFileType = sourcecode.swift; path = "UIAlertController + Extension.swift"; sourceTree = "<group>"; };
		8752E97F25E96A9700DECEF3 /* Profile.storyboard */ = {isa = PBXFileReference; lastKnownFileType = file.storyboard; path = Profile.storyboard; sourceTree = "<group>"; };
		8752E98225E9789D00DECEF3 /* MessageCellConfiguration.swift */ = {isa = PBXFileReference; lastKnownFileType = sourcecode.swift; path = MessageCellConfiguration.swift; sourceTree = "<group>"; };
		8759982225F687DA00D6F710 /* ThemesManager.swift */ = {isa = PBXFileReference; lastKnownFileType = sourcecode.swift; path = ThemesManager.swift; sourceTree = "<group>"; };
		8759A9AB25E94C4000B945D5 /* Date + Extension.swift */ = {isa = PBXFileReference; lastKnownFileType = sourcecode.swift; path = "Date + Extension.swift"; sourceTree = "<group>"; };
		8759A9AE25E9530D00B945D5 /* ConversationViewController.swift */ = {isa = PBXFileReference; lastKnownFileType = sourcecode.swift; path = ConversationViewController.swift; sourceTree = "<group>"; };
		8759A9B225E953E000B945D5 /* IncomingCell.swift */ = {isa = PBXFileReference; lastKnownFileType = sourcecode.swift; path = IncomingCell.swift; sourceTree = "<group>"; };
		875F539225FFCF3300038B1F /* UIViewController + extension.swift */ = {isa = PBXFileReference; lastKnownFileType = sourcecode.swift; path = "UIViewController + extension.swift"; sourceTree = "<group>"; };
		8762A27E25EFAB3E000C4679 /* DateManager.swift */ = {isa = PBXFileReference; lastKnownFileType = sourcecode.swift; path = DateManager.swift; sourceTree = "<group>"; };
		876B809725E1A35A00D0D323 /* ProfileViewController.swift */ = {isa = PBXFileReference; lastKnownFileType = sourcecode.swift; path = ProfileViewController.swift; sourceTree = "<group>"; };
		8770ACC426090D210024D69D /* GoogleService-Info.plist */ = {isa = PBXFileReference; fileEncoding = 4; lastKnownFileType = text.plist.xml; path = "GoogleService-Info.plist"; sourceTree = "<group>"; };
		877A571E25F9825C00742428 /* UIImageView + Extension.swift */ = {isa = PBXFileReference; lastKnownFileType = sourcecode.swift; path = "UIImageView + Extension.swift"; sourceTree = "<group>"; };
		877C1B3725F1722800290FCD /* ThemesViewController.swift */ = {isa = PBXFileReference; lastKnownFileType = sourcecode.swift; path = ThemesViewController.swift; sourceTree = "<group>"; };
		877DD89B25E8E1BE002B8ADC /* ConversationCellConfiguration.swift */ = {isa = PBXFileReference; lastKnownFileType = sourcecode.swift; path = ConversationCellConfiguration.swift; sourceTree = "<group>"; };
		877DD8B425E8E6BA002B8ADC /* ConversationListCell.swift */ = {isa = PBXFileReference; lastKnownFileType = sourcecode.swift; path = ConversationListCell.swift; sourceTree = "<group>"; };
		877DD8CB25E90534002B8ADC /* ConversationListViewController.swift */ = {isa = PBXFileReference; lastKnownFileType = sourcecode.swift; path = ConversationListViewController.swift; sourceTree = "<group>"; };
		879232BB260776BA004422A2 /* Channel.swift */ = {isa = PBXFileReference; lastKnownFileType = sourcecode.swift; path = Channel.swift; sourceTree = "<group>"; };
		879232BE260776E3004422A2 /* Message.swift */ = {isa = PBXFileReference; lastKnownFileType = sourcecode.swift; path = Message.swift; sourceTree = "<group>"; };
		879E6BCC25F7796800E0EB8A /* PaletteProtocol.swift */ = {isa = PBXFileReference; lastKnownFileType = sourcecode.swift; path = PaletteProtocol.swift; sourceTree = "<group>"; };
		87B7C8B725EA9D9B00A99C94 /* OutgoingCell.swift */ = {isa = PBXFileReference; lastKnownFileType = sourcecode.swift; path = OutgoingCell.swift; sourceTree = "<group>"; };
		87BB3FBD25FE6FBF00FAB54B /* ProfileService.swift */ = {isa = PBXFileReference; lastKnownFileType = sourcecode.swift; path = ProfileService.swift; sourceTree = "<group>"; };
		87BB3FC325FE707200FAB54B /* SaveProfileService.swift */ = {isa = PBXFileReference; lastKnownFileType = sourcecode.swift; path = SaveProfileService.swift; sourceTree = "<group>"; };
		87BB3FC625FE70F000FAB54B /* FilesManager.swift */ = {isa = PBXFileReference; lastKnownFileType = sourcecode.swift; path = FilesManager.swift; sourceTree = "<group>"; };
		87BB3FC925FE8ED500FAB54B /* Profile.swift */ = {isa = PBXFileReference; lastKnownFileType = sourcecode.swift; path = Profile.swift; sourceTree = "<group>"; };
		87C0C918260CDDF5009C66D5 /* ErrorAlert.swift */ = {isa = PBXFileReference; lastKnownFileType = sourcecode.swift; path = ErrorAlert.swift; sourceTree = "<group>"; };
		87C2187D26134CB800E17BF3 /* SpeechBubble.swift */ = {isa = PBXFileReference; lastKnownFileType = sourcecode.swift; path = SpeechBubble.swift; sourceTree = "<group>"; };
		926563677075789325FDDE71 /* Pods-MyChat.release.xcconfig */ = {isa = PBXFileReference; includeInIndex = 1; lastKnownFileType = text.xcconfig; name = "Pods-MyChat.release.xcconfig"; path = "Target Support Files/Pods-MyChat/Pods-MyChat.release.xcconfig"; sourceTree = "<group>"; };
/* End PBXFileReference section */

/* Begin PBXFrameworksBuildPhase section */
		8723469A25D6858100ED3E4E /* Frameworks */ = {
			isa = PBXFrameworksBuildPhase;
			buildActionMask = 2147483647;
			files = (
				A6BDFA07FFD77B5DB4CF3103 /* Pods_MyChat.framework in Frameworks */,
			);
			runOnlyForDeploymentPostprocessing = 0;
		};
/* End PBXFrameworksBuildPhase section */

/* Begin PBXGroup section */
		1FE043AA69FF764A804B5FBB /* Frameworks */ = {
			isa = PBXGroup;
			children = (
				23F1C18C045BE98A152320D6 /* Pods_MyChat.framework */,
			);
			name = Frameworks;
			sourceTree = "<group>";
		};
		2149C71165863B1A3D1FEB48 /* Pods */ = {
			isa = PBXGroup;
			children = (
				3EB716B43F5F699C62DC162D /* Pods-MyChat.debug.xcconfig */,
				926563677075789325FDDE71 /* Pods-MyChat.release.xcconfig */,
			);
			path = Pods;
			sourceTree = "<group>";
		};
		8723469425D6858100ED3E4E = {
			isa = PBXGroup;
			children = (
				8723469F25D6858100ED3E4E /* MyChat */,
				8723469E25D6858100ED3E4E /* Products */,
				2149C71165863B1A3D1FEB48 /* Pods */,
				1FE043AA69FF764A804B5FBB /* Frameworks */,
			);
			sourceTree = "<group>";
		};
		8723469E25D6858100ED3E4E /* Products */ = {
			isa = PBXGroup;
			children = (
				8723469D25D6858100ED3E4E /* MyChat.app */,
			);
			name = Products;
			sourceTree = "<group>";
		};
		8723469F25D6858100ED3E4E /* MyChat */ = {
			isa = PBXGroup;
			children = (
				8770ACC426090D210024D69D /* GoogleService-Info.plist */,
				873F8CBF26146EE7009C9BCD /* MyChatRequest.swift */,
				87409C5425E2C489001EA77D /* SupportingFiles */,
				8770ACCC260924CC0024D69D /* Service */,
				8762A28125EFAB42000C4679 /* Helpers */,
				877DD89E25E8E2FC002B8ADC /* Protocols */,
				877DD8A325E8E334002B8ADC /* Models */,
				8733C02F25E558E700705BD4 /* Views */,
				87409C5125E2C43D001EA77D /* Controllers */,
				87409C5725E2C4C9001EA77D /* Extensions */,
				87409C5625E2C4B6001EA77D /* IBuilder */,
				87409C5825E2C4E3001EA77D /* CoreData */,
			);
			path = MyChat;
			sourceTree = "<group>";
		};
		8733C02F25E558E700705BD4 /* Views */ = {
			isa = PBXGroup;
			children = (
				8733C02C25E558E100705BD4 /* AvatarView.swift */,
				8712503E25F3DA4900804702 /* ThemeButtonView.swift */,
				8700E501260BA3CC00606A26 /* MessageTextView.swift */,
				87C2187D26134CB800E17BF3 /* SpeechBubble.swift */,
				8700E4FE260BA36A00606A26 /* MessageBar.swift */,
			);
			path = Views;
			sourceTree = "<group>";
		};
		873AFD4725E93FCE004D1BB4 /* Cells */ = {
			isa = PBXGroup;
			children = (
				877DD8B425E8E6BA002B8ADC /* ConversationListCell.swift */,
				8759A9B225E953E000B945D5 /* IncomingCell.swift */,
				87B7C8B725EA9D9B00A99C94 /* OutgoingCell.swift */,
			);
			path = Cells;
			sourceTree = "<group>";
		};
		87409C5125E2C43D001EA77D /* Controllers */ = {
			isa = PBXGroup;
			children = (
				873AFD4725E93FCE004D1BB4 /* Cells */,
				877DD8CB25E90534002B8ADC /* ConversationListViewController.swift */,
				877C1B3725F1722800290FCD /* ThemesViewController.swift */,
				8759A9AE25E9530D00B945D5 /* ConversationViewController.swift */,
				876B809725E1A35A00D0D323 /* ProfileViewController.swift */,
				870D4A2E25FFD76500104806 /* ProfileVC + Extension.swift */,
			);
			path = Controllers;
			sourceTree = "<group>";
		};
		87409C5425E2C489001EA77D /* SupportingFiles */ = {
			isa = PBXGroup;
			children = (
				872346A025D6858100ED3E4E /* AppDelegate.swift */,
				872346AC25D6858400ED3E4E /* Assets.xcassets */,
				872346B125D6858400ED3E4E /* Info.plist */,
			);
			path = SupportingFiles;
			sourceTree = "<group>";
		};
		87409C5625E2C4B6001EA77D /* IBuilder */ = {
			isa = PBXGroup;
			children = (
				872346A625D6858100ED3E4E /* Main.storyboard */,
				8752E97F25E96A9700DECEF3 /* Profile.storyboard */,
				872346AE25D6858400ED3E4E /* LaunchScreen.storyboard */,
			);
			path = IBuilder;
			sourceTree = "<group>";
		};
		87409C5725E2C4C9001EA77D /* Extensions */ = {
			isa = PBXGroup;
			children = (
				877DD8B925E8F92C002B8ADC /* UIKit */,
				8759A9AB25E94C4000B945D5 /* Date + Extension.swift */,
				87476A26260C8EAA00979EB3 /* String + Extension.swift */,
			);
			path = Extensions;
			sourceTree = "<group>";
		};
		87409C5825E2C4E3001EA77D /* CoreData */ = {
			isa = PBXGroup;
			children = (
				872346A925D6858100ED3E4E /* MyChat.xcdatamodeld */,
				873F8CB92614671F009C9BCD /* CoreDataStack.swift */,
				873F8CBC2614675E009C9BCD /* ObjectExtensions.swift */,
			);
			path = CoreData;
			sourceTree = "<group>";
		};
		8762A28125EFAB42000C4679 /* Helpers */ = {
			isa = PBXGroup;
			children = (
				8762A27E25EFAB3E000C4679 /* DateManager.swift */,
				8759982225F687DA00D6F710 /* ThemesManager.swift */,
				87BB3FC625FE70F000FAB54B /* FilesManager.swift */,
				873FAEA726068B4200ECBE33 /* FileNames.swift */,
				87C0C918260CDDF5009C66D5 /* ErrorAlert.swift */,
			);
			path = Helpers;
			sourceTree = "<group>";
		};
		8770ACCC260924CC0024D69D /* Service */ = {
			isa = PBXGroup;
			children = (
				87BB3FC325FE707200FAB54B /* SaveProfileService.swift */,
				8706E18B26092790003DF879 /* ListenerService.swift */,
				8706E188260926CF003DF879 /* FirestoreService.swift */,
			);
			path = Service;
			sourceTree = "<group>";
		};
		877DD89E25E8E2FC002B8ADC /* Protocols */ = {
			isa = PBXGroup;
			children = (
				877DD89B25E8E1BE002B8ADC /* ConversationCellConfiguration.swift */,
				8752E98225E9789D00DECEF3 /* MessageCellConfiguration.swift */,
				87222D9F25F2AC9400FF36E8 /* ThemesPickerDelegate.swift */,
				879E6BCC25F7796800E0EB8A /* PaletteProtocol.swift */,
				87BB3FBD25FE6FBF00FAB54B /* ProfileService.swift */,
			);
			path = Protocols;
			sourceTree = "<group>";
		};
		877DD8A325E8E334002B8ADC /* Models */ = {
			isa = PBXGroup;
			children = (
				879232BB260776BA004422A2 /* Channel.swift */,
				879232BE260776E3004422A2 /* Message.swift */,
				87BB3FC925FE8ED500FAB54B /* Profile.swift */,
			);
			path = Models;
			sourceTree = "<group>";
		};
		877DD8B925E8F92C002B8ADC /* UIKit */ = {
			isa = PBXGroup;
			children = (
				874E44A225E2959F0045DCEE /* UIAlertController + Extension.swift */,
				8709378A25F4F5DD0036CD73 /* UIWindow + Extension.swift */,
				877A571E25F9825C00742428 /* UIImageView + Extension.swift */,
				875F539225FFCF3300038B1F /* UIViewController + extension.swift */,
			);
			path = UIKit;
			sourceTree = "<group>";
		};
/* End PBXGroup section */

/* Begin PBXNativeTarget section */
		8723469C25D6858100ED3E4E /* MyChat */ = {
			isa = PBXNativeTarget;
			buildConfigurationList = 872346B425D6858400ED3E4E /* Build configuration list for PBXNativeTarget "MyChat" */;
			buildPhases = (
				4037C54630150268C51B5BE4 /* [CP] Check Pods Manifest.lock */,
				8797F5A62606924E00E890E3 /* ShellScript */,
				8723469925D6858100ED3E4E /* Sources */,
				8723469A25D6858100ED3E4E /* Frameworks */,
				8723469B25D6858100ED3E4E /* Resources */,
				36D7B6A3A20778DDDF48DA13 /* [CP] Embed Pods Frameworks */,
			);
			buildRules = (
			);
			dependencies = (
			);
			name = MyChat;
			productName = MyChat;
			productReference = 8723469D25D6858100ED3E4E /* MyChat.app */;
			productType = "com.apple.product-type.application";
		};
/* End PBXNativeTarget section */

/* Begin PBXProject section */
		8723469525D6858100ED3E4E /* Project object */ = {
			isa = PBXProject;
			attributes = {
				LastSwiftUpdateCheck = 1240;
				LastUpgradeCheck = 1240;
				TargetAttributes = {
					8723469C25D6858100ED3E4E = {
						CreatedOnToolsVersion = 12.4;
					};
				};
			};
			buildConfigurationList = 8723469825D6858100ED3E4E /* Build configuration list for PBXProject "MyChat" */;
			compatibilityVersion = "Xcode 9.3";
			developmentRegion = en;
			hasScannedForEncodings = 0;
			knownRegions = (
				en,
				Base,
			);
			mainGroup = 8723469425D6858100ED3E4E;
			productRefGroup = 8723469E25D6858100ED3E4E /* Products */;
			projectDirPath = "";
			projectRoot = "";
			targets = (
				8723469C25D6858100ED3E4E /* MyChat */,
			);
		};
/* End PBXProject section */

/* Begin PBXResourcesBuildPhase section */
		8723469B25D6858100ED3E4E /* Resources */ = {
			isa = PBXResourcesBuildPhase;
			buildActionMask = 2147483647;
			files = (
				872346B025D6858400ED3E4E /* LaunchScreen.storyboard in Resources */,
				8752E98025E96A9700DECEF3 /* Profile.storyboard in Resources */,
				8770ACC526090D210024D69D /* GoogleService-Info.plist in Resources */,
				872346AD25D6858400ED3E4E /* Assets.xcassets in Resources */,
				872346A825D6858100ED3E4E /* Main.storyboard in Resources */,
			);
			runOnlyForDeploymentPostprocessing = 0;
		};
/* End PBXResourcesBuildPhase section */

/* Begin PBXShellScriptBuildPhase section */
		36D7B6A3A20778DDDF48DA13 /* [CP] Embed Pods Frameworks */ = {
			isa = PBXShellScriptBuildPhase;
			buildActionMask = 2147483647;
			files = (
			);
			inputFileListPaths = (
				"${PODS_ROOT}/Target Support Files/Pods-MyChat/Pods-MyChat-frameworks-${CONFIGURATION}-input-files.xcfilelist",
			);
			name = "[CP] Embed Pods Frameworks";
			outputFileListPaths = (
				"${PODS_ROOT}/Target Support Files/Pods-MyChat/Pods-MyChat-frameworks-${CONFIGURATION}-output-files.xcfilelist",
			);
			runOnlyForDeploymentPostprocessing = 0;
			shellPath = /bin/sh;
			shellScript = "\"${PODS_ROOT}/Target Support Files/Pods-MyChat/Pods-MyChat-frameworks.sh\"\n";
			showEnvVarsInLog = 0;
		};
		4037C54630150268C51B5BE4 /* [CP] Check Pods Manifest.lock */ = {
			isa = PBXShellScriptBuildPhase;
			buildActionMask = 2147483647;
			files = (
			);
			inputFileListPaths = (
			);
			inputPaths = (
				"${PODS_PODFILE_DIR_PATH}/Podfile.lock",
				"${PODS_ROOT}/Manifest.lock",
			);
			name = "[CP] Check Pods Manifest.lock";
			outputFileListPaths = (
			);
			outputPaths = (
				"$(DERIVED_FILE_DIR)/Pods-MyChat-checkManifestLockResult.txt",
			);
			runOnlyForDeploymentPostprocessing = 0;
			shellPath = /bin/sh;
			shellScript = "diff \"${PODS_PODFILE_DIR_PATH}/Podfile.lock\" \"${PODS_ROOT}/Manifest.lock\" > /dev/null\nif [ $? != 0 ] ; then\n    # print error to STDERR\n    echo \"error: The sandbox is not in sync with the Podfile.lock. Run 'pod install' or update your CocoaPods installation.\" >&2\n    exit 1\nfi\n# This output is used by Xcode 'outputs' to avoid re-running this script phase.\necho \"SUCCESS\" > \"${SCRIPT_OUTPUT_FILE_0}\"\n";
			showEnvVarsInLog = 0;
		};
		8797F5A62606924E00E890E3 /* ShellScript */ = {
			isa = PBXShellScriptBuildPhase;
			buildActionMask = 2147483647;
			files = (
			);
			inputFileListPaths = (
			);
			inputPaths = (
			);
			outputFileListPaths = (
			);
			outputPaths = (
			);
			runOnlyForDeploymentPostprocessing = 0;
			shellPath = /bin/sh;
			shellScript = "(${PODS_ROOT}/SwiftLint/swiftlint)\n";
		};
/* End PBXShellScriptBuildPhase section */

/* Begin PBXSourcesBuildPhase section */
		8723469925D6858100ED3E4E /* Sources */ = {
			isa = PBXSourcesBuildPhase;
			buildActionMask = 2147483647;
			files = (
				8762A27F25EFAB3E000C4679 /* DateManager.swift in Sources */,
				8706E189260926CF003DF879 /* FirestoreService.swift in Sources */,
				87BB3FBE25FE6FBF00FAB54B /* ProfileService.swift in Sources */,
				87222DA025F2AC9400FF36E8 /* ThemesPickerDelegate.swift in Sources */,
				877DD8B525E8E6BA002B8ADC /* ConversationListCell.swift in Sources */,
				877A571F25F9825C00742428 /* UIImageView + Extension.swift in Sources */,
				877DD8CC25E90534002B8ADC /* ConversationListViewController.swift in Sources */,
				877C1B3825F1722800290FCD /* ThemesViewController.swift in Sources */,
				8700E4FF260BA36A00606A26 /* MessageBar.swift in Sources */,
				87476A27260C8EAA00979EB3 /* String + Extension.swift in Sources */,
				87BB3FCA25FE8ED500FAB54B /* Profile.swift in Sources */,
				870D4A2F25FFD76500104806 /* ProfileVC + Extension.swift in Sources */,
				875F539325FFCF3300038B1F /* UIViewController + extension.swift in Sources */,
				87C0C919260CDDF5009C66D5 /* ErrorAlert.swift in Sources */,
				8752E98325E9789D00DECEF3 /* MessageCellConfiguration.swift in Sources */,
				8759982325F687DA00D6F710 /* ThemesManager.swift in Sources */,
				8759A9AF25E9530D00B945D5 /* ConversationViewController.swift in Sources */,
				87BB3FC425FE707200FAB54B /* SaveProfileService.swift in Sources */,
				8733C02D25E558E100705BD4 /* AvatarView.swift in Sources */,
				87BB3FC725FE70F000FAB54B /* FilesManager.swift in Sources */,
				873FAEA826068B4200ECBE33 /* FileNames.swift in Sources */,
				8706E18C26092790003DF879 /* ListenerService.swift in Sources */,
				874E44A325E2959F0045DCEE /* UIAlertController + Extension.swift in Sources */,
				879232BC260776BA004422A2 /* Channel.swift in Sources */,
				87C2187E26134CB800E17BF3 /* SpeechBubble.swift in Sources */,
				8759A9B325E953E000B945D5 /* IncomingCell.swift in Sources */,
				873F8CBD2614675E009C9BCD /* ObjectExtensions.swift in Sources */,
				872346AB25D6858100ED3E4E /* MyChat.xcdatamodeld in Sources */,
				873F8CBA2614671F009C9BCD /* CoreDataStack.swift in Sources */,
				8700E502260BA3CC00606A26 /* MessageTextView.swift in Sources */,
				876B809825E1A35A00D0D323 /* ProfileViewController.swift in Sources */,
				877DD89C25E8E1BE002B8ADC /* ConversationCellConfiguration.swift in Sources */,
				879232BF260776E3004422A2 /* Message.swift in Sources */,
				87B7C8B825EA9D9B00A99C94 /* OutgoingCell.swift in Sources */,
				872346A125D6858100ED3E4E /* AppDelegate.swift in Sources */,
				8759A9AC25E94C4000B945D5 /* Date + Extension.swift in Sources */,
				8712503F25F3DA4900804702 /* ThemeButtonView.swift in Sources */,
				873F8CC026146EE7009C9BCD /* MyChatRequest.swift in Sources */,
				879E6BCD25F7796800E0EB8A /* PaletteProtocol.swift in Sources */,
				8709378B25F4F5DD0036CD73 /* UIWindow + Extension.swift in Sources */,
			);
			runOnlyForDeploymentPostprocessing = 0;
		};
/* End PBXSourcesBuildPhase section */

/* Begin PBXVariantGroup section */
		872346A625D6858100ED3E4E /* Main.storyboard */ = {
			isa = PBXVariantGroup;
			children = (
				872346A725D6858100ED3E4E /* Base */,
			);
			name = Main.storyboard;
			sourceTree = "<group>";
		};
		872346AE25D6858400ED3E4E /* LaunchScreen.storyboard */ = {
			isa = PBXVariantGroup;
			children = (
				872346AF25D6858400ED3E4E /* Base */,
			);
			name = LaunchScreen.storyboard;
			sourceTree = "<group>";
		};
/* End PBXVariantGroup section */

/* Begin XCBuildConfiguration section */
		872346B225D6858400ED3E4E /* Debug */ = {
			isa = XCBuildConfiguration;
			buildSettings = {
				ALWAYS_SEARCH_USER_PATHS = NO;
				CLANG_ANALYZER_NONNULL = YES;
				CLANG_ANALYZER_NUMBER_OBJECT_CONVERSION = YES_AGGRESSIVE;
				CLANG_CXX_LANGUAGE_STANDARD = "gnu++14";
				CLANG_CXX_LIBRARY = "libc++";
				CLANG_ENABLE_MODULES = YES;
				CLANG_ENABLE_OBJC_ARC = YES;
				CLANG_ENABLE_OBJC_WEAK = YES;
				CLANG_WARN_BLOCK_CAPTURE_AUTORELEASING = YES;
				CLANG_WARN_BOOL_CONVERSION = YES;
				CLANG_WARN_COMMA = YES;
				CLANG_WARN_CONSTANT_CONVERSION = YES;
				CLANG_WARN_DEPRECATED_OBJC_IMPLEMENTATIONS = YES;
				CLANG_WARN_DIRECT_OBJC_ISA_USAGE = YES_ERROR;
				CLANG_WARN_DOCUMENTATION_COMMENTS = YES;
				CLANG_WARN_EMPTY_BODY = YES;
				CLANG_WARN_ENUM_CONVERSION = YES;
				CLANG_WARN_INFINITE_RECURSION = YES;
				CLANG_WARN_INT_CONVERSION = YES;
				CLANG_WARN_NON_LITERAL_NULL_CONVERSION = YES;
				CLANG_WARN_OBJC_IMPLICIT_RETAIN_SELF = YES;
				CLANG_WARN_OBJC_LITERAL_CONVERSION = YES;
				CLANG_WARN_OBJC_ROOT_CLASS = YES_ERROR;
				CLANG_WARN_QUOTED_INCLUDE_IN_FRAMEWORK_HEADER = YES;
				CLANG_WARN_RANGE_LOOP_ANALYSIS = YES;
				CLANG_WARN_STRICT_PROTOTYPES = YES;
				CLANG_WARN_SUSPICIOUS_MOVE = YES;
				CLANG_WARN_UNGUARDED_AVAILABILITY = YES_AGGRESSIVE;
				CLANG_WARN_UNREACHABLE_CODE = YES;
				CLANG_WARN__DUPLICATE_METHOD_MATCH = YES;
				COPY_PHASE_STRIP = NO;
				DEBUG_INFORMATION_FORMAT = dwarf;
				ENABLE_STRICT_OBJC_MSGSEND = YES;
				ENABLE_TESTABILITY = YES;
				GCC_C_LANGUAGE_STANDARD = gnu11;
				GCC_DYNAMIC_NO_PIC = NO;
				GCC_NO_COMMON_BLOCKS = YES;
				GCC_OPTIMIZATION_LEVEL = 0;
				GCC_PREPROCESSOR_DEFINITIONS = (
					"DEBUG=1",
					"$(inherited)",
				);
				GCC_WARN_64_TO_32_BIT_CONVERSION = YES;
				GCC_WARN_ABOUT_RETURN_TYPE = YES_ERROR;
				GCC_WARN_UNDECLARED_SELECTOR = YES;
				GCC_WARN_UNINITIALIZED_AUTOS = YES_AGGRESSIVE;
				GCC_WARN_UNUSED_FUNCTION = YES;
				GCC_WARN_UNUSED_VARIABLE = YES;
				IPHONEOS_DEPLOYMENT_TARGET = 12.1;
				MTL_ENABLE_DEBUG_INFO = INCLUDE_SOURCE;
				MTL_FAST_MATH = YES;
				ONLY_ACTIVE_ARCH = YES;
				SDKROOT = iphoneos;
				SWIFT_ACTIVE_COMPILATION_CONDITIONS = DEBUG;
				SWIFT_OPTIMIZATION_LEVEL = "-Onone";
			};
			name = Debug;
		};
		872346B325D6858400ED3E4E /* Release */ = {
			isa = XCBuildConfiguration;
			buildSettings = {
				ALWAYS_SEARCH_USER_PATHS = NO;
				CLANG_ANALYZER_NONNULL = YES;
				CLANG_ANALYZER_NUMBER_OBJECT_CONVERSION = YES_AGGRESSIVE;
				CLANG_CXX_LANGUAGE_STANDARD = "gnu++14";
				CLANG_CXX_LIBRARY = "libc++";
				CLANG_ENABLE_MODULES = YES;
				CLANG_ENABLE_OBJC_ARC = YES;
				CLANG_ENABLE_OBJC_WEAK = YES;
				CLANG_WARN_BLOCK_CAPTURE_AUTORELEASING = YES;
				CLANG_WARN_BOOL_CONVERSION = YES;
				CLANG_WARN_COMMA = YES;
				CLANG_WARN_CONSTANT_CONVERSION = YES;
				CLANG_WARN_DEPRECATED_OBJC_IMPLEMENTATIONS = YES;
				CLANG_WARN_DIRECT_OBJC_ISA_USAGE = YES_ERROR;
				CLANG_WARN_DOCUMENTATION_COMMENTS = YES;
				CLANG_WARN_EMPTY_BODY = YES;
				CLANG_WARN_ENUM_CONVERSION = YES;
				CLANG_WARN_INFINITE_RECURSION = YES;
				CLANG_WARN_INT_CONVERSION = YES;
				CLANG_WARN_NON_LITERAL_NULL_CONVERSION = YES;
				CLANG_WARN_OBJC_IMPLICIT_RETAIN_SELF = YES;
				CLANG_WARN_OBJC_LITERAL_CONVERSION = YES;
				CLANG_WARN_OBJC_ROOT_CLASS = YES_ERROR;
				CLANG_WARN_QUOTED_INCLUDE_IN_FRAMEWORK_HEADER = YES;
				CLANG_WARN_RANGE_LOOP_ANALYSIS = YES;
				CLANG_WARN_STRICT_PROTOTYPES = YES;
				CLANG_WARN_SUSPICIOUS_MOVE = YES;
				CLANG_WARN_UNGUARDED_AVAILABILITY = YES_AGGRESSIVE;
				CLANG_WARN_UNREACHABLE_CODE = YES;
				CLANG_WARN__DUPLICATE_METHOD_MATCH = YES;
				COPY_PHASE_STRIP = NO;
				DEBUG_INFORMATION_FORMAT = "dwarf-with-dsym";
				ENABLE_NS_ASSERTIONS = NO;
				ENABLE_STRICT_OBJC_MSGSEND = YES;
				GCC_C_LANGUAGE_STANDARD = gnu11;
				GCC_NO_COMMON_BLOCKS = YES;
				GCC_WARN_64_TO_32_BIT_CONVERSION = YES;
				GCC_WARN_ABOUT_RETURN_TYPE = YES_ERROR;
				GCC_WARN_UNDECLARED_SELECTOR = YES;
				GCC_WARN_UNINITIALIZED_AUTOS = YES_AGGRESSIVE;
				GCC_WARN_UNUSED_FUNCTION = YES;
				GCC_WARN_UNUSED_VARIABLE = YES;
				IPHONEOS_DEPLOYMENT_TARGET = 12.1;
				MTL_ENABLE_DEBUG_INFO = NO;
				MTL_FAST_MATH = YES;
				SDKROOT = iphoneos;
				SWIFT_COMPILATION_MODE = wholemodule;
				SWIFT_OPTIMIZATION_LEVEL = "-O";
				VALIDATE_PRODUCT = YES;
			};
			name = Release;
		};
		872346B525D6858400ED3E4E /* Debug */ = {
			isa = XCBuildConfiguration;
			baseConfigurationReference = 3EB716B43F5F699C62DC162D /* Pods-MyChat.debug.xcconfig */;
			buildSettings = {
				ASSETCATALOG_COMPILER_APPICON_NAME = AppIcon;
				ASSETCATALOG_COMPILER_GLOBAL_ACCENT_COLOR_NAME = AccentColor;
				CODE_SIGN_STYLE = Automatic;
				DEVELOPMENT_TEAM = PVVSWG9FDA;
				INFOPLIST_FILE = MyChat/SupportingFiles/Info.plist;
				IPHONEOS_DEPLOYMENT_TARGET = 12.1;
				LD_RUNPATH_SEARCH_PATHS = (
					"$(inherited)",
					"@executable_path/Frameworks",
				);
				PRODUCT_BUNDLE_IDENTIFIER = ru.tinkoff.TinkoffChat;
				PRODUCT_NAME = "$(TARGET_NAME)";
				SWIFT_VERSION = 5.0;
				TARGETED_DEVICE_FAMILY = "1,2";
			};
			name = Debug;
		};
		872346B625D6858400ED3E4E /* Release */ = {
			isa = XCBuildConfiguration;
			baseConfigurationReference = 926563677075789325FDDE71 /* Pods-MyChat.release.xcconfig */;
			buildSettings = {
				ASSETCATALOG_COMPILER_APPICON_NAME = AppIcon;
				ASSETCATALOG_COMPILER_GLOBAL_ACCENT_COLOR_NAME = AccentColor;
				CODE_SIGN_STYLE = Automatic;
				DEVELOPMENT_TEAM = PVVSWG9FDA;
				INFOPLIST_FILE = MyChat/SupportingFiles/Info.plist;
				IPHONEOS_DEPLOYMENT_TARGET = 12.1;
				LD_RUNPATH_SEARCH_PATHS = (
					"$(inherited)",
					"@executable_path/Frameworks",
				);
				PRODUCT_BUNDLE_IDENTIFIER = ru.tinkoff.TinkoffChat;
				PRODUCT_NAME = "$(TARGET_NAME)";
				SWIFT_VERSION = 5.0;
				TARGETED_DEVICE_FAMILY = "1,2";
			};
			name = Release;
		};
/* End XCBuildConfiguration section */

/* Begin XCConfigurationList section */
		8723469825D6858100ED3E4E /* Build configuration list for PBXProject "MyChat" */ = {
			isa = XCConfigurationList;
			buildConfigurations = (
				872346B225D6858400ED3E4E /* Debug */,
				872346B325D6858400ED3E4E /* Release */,
			);
			defaultConfigurationIsVisible = 0;
			defaultConfigurationName = Release;
		};
		872346B425D6858400ED3E4E /* Build configuration list for PBXNativeTarget "MyChat" */ = {
			isa = XCConfigurationList;
			buildConfigurations = (
				872346B525D6858400ED3E4E /* Debug */,
				872346B625D6858400ED3E4E /* Release */,
			);
			defaultConfigurationIsVisible = 0;
			defaultConfigurationName = Release;
		};
/* End XCConfigurationList section */

/* Begin XCVersionGroup section */
		872346A925D6858100ED3E4E /* MyChat.xcdatamodeld */ = {
			isa = XCVersionGroup;
			children = (
				872346AA25D6858100ED3E4E /* MyChat.xcdatamodel */,
			);
			currentVersion = 872346AA25D6858100ED3E4E /* MyChat.xcdatamodel */;
			path = MyChat.xcdatamodeld;
			sourceTree = "<group>";
			versionGroupType = wrapper.xcdatamodel;
		};
/* End XCVersionGroup section */
	};
	rootObject = 8723469525D6858100ED3E4E /* Project object */;
}
