// !$*UTF8*$!
{
	archiveVersion = 1;
	classes = {
	};
	objectVersion = 51;
	objects = {

/* Begin PBXBuildFile section */
		0DEB11AC820197FA0D43FDAA /* Pods_MyChat.framework in Frameworks */ = {isa = PBXBuildFile; fileRef = 3EE70F99DDB9A36C49B080C3 /* Pods_MyChat.framework */; };
		8700E4FF260BA36A00606A26 /* MessageBar.swift in Sources */ = {isa = PBXBuildFile; fileRef = 8700E4FE260BA36A00606A26 /* MessageBar.swift */; };
		8700E502260BA3CC00606A26 /* MessageTextView.swift in Sources */ = {isa = PBXBuildFile; fileRef = 8700E501260BA3CC00606A26 /* MessageTextView.swift */; };
		87013206262FF6AE009DB275 /* RequestSender.swift in Sources */ = {isa = PBXBuildFile; fileRef = 87013205262FF6AE009DB275 /* RequestSender.swift */; };
		8701FBB82615C21A00B06005 /* CGFloat + Extension.swift in Sources */ = {isa = PBXBuildFile; fileRef = 8701FBB72615C21A00B06005 /* CGFloat + Extension.swift */; };
		8701FBBB2615C26000B06005 /* UIColor + Extension.swift in Sources */ = {isa = PBXBuildFile; fileRef = 8701FBBA2615C26000B06005 /* UIColor + Extension.swift */; };
		8706E189260926CF003DF879 /* FirestoreService.swift in Sources */ = {isa = PBXBuildFile; fileRef = 8706E188260926CF003DF879 /* FirestoreService.swift */; };
		8706E18C26092790003DF879 /* ListenerService.swift in Sources */ = {isa = PBXBuildFile; fileRef = 8706E18B26092790003DF879 /* ListenerService.swift */; };
		8709378B25F4F5DD0036CD73 /* UIWindow + Extension.swift in Sources */ = {isa = PBXBuildFile; fileRef = 8709378A25F4F5DD0036CD73 /* UIWindow + Extension.swift */; };
		8712503F25F3DA4900804702 /* ThemeButtonView.swift in Sources */ = {isa = PBXBuildFile; fileRef = 8712503E25F3DA4900804702 /* ThemeButtonView.swift */; };
		8713F09D263ED35F0010676C /* SaveProfileServiceTests.swift in Sources */ = {isa = PBXBuildFile; fileRef = 8713F09C263ED35F0010676C /* SaveProfileServiceTests.swift */; };
		8713F0AB263F341E0010676C /* ProfileVCUITests.swift in Sources */ = {isa = PBXBuildFile; fileRef = 8713F0AA263F341E0010676C /* ProfileVCUITests.swift */; };
		872346A125D6858100ED3E4E /* AppDelegate.swift in Sources */ = {isa = PBXBuildFile; fileRef = 872346A025D6858100ED3E4E /* AppDelegate.swift */; };
		872346A825D6858100ED3E4E /* Main.storyboard in Resources */ = {isa = PBXBuildFile; fileRef = 872346A625D6858100ED3E4E /* Main.storyboard */; };
		872346AB25D6858100ED3E4E /* MyChat.xcdatamodeld in Sources */ = {isa = PBXBuildFile; fileRef = 872346A925D6858100ED3E4E /* MyChat.xcdatamodeld */; };
		872346AD25D6858400ED3E4E /* Assets.xcassets in Resources */ = {isa = PBXBuildFile; fileRef = 872346AC25D6858400ED3E4E /* Assets.xcassets */; };
		872346B025D6858400ED3E4E /* LaunchScreen.storyboard in Resources */ = {isa = PBXBuildFile; fileRef = 872346AE25D6858400ED3E4E /* LaunchScreen.storyboard */; };
		87237011261E0E6A00C25486 /* TableViewDataSourceChannels.swift in Sources */ = {isa = PBXBuildFile; fileRef = 87237010261E0E6A00C25486 /* TableViewDataSourceChannels.swift */; };
		8723854C26304FF9004657F3 /* NetworkError.swift in Sources */ = {isa = PBXBuildFile; fileRef = 8723854B26304FF9004657F3 /* NetworkError.swift */; };
		87238551263054F0004657F3 /* RequestFactory.swift in Sources */ = {isa = PBXBuildFile; fileRef = 87238550263054F0004657F3 /* RequestFactory.swift */; };
		8723855426305520004657F3 /* RequestConfig.swift in Sources */ = {isa = PBXBuildFile; fileRef = 8723855326305520004657F3 /* RequestConfig.swift */; };
		87238557263056B0004657F3 /* ImageParser.swift in Sources */ = {isa = PBXBuildFile; fileRef = 87238556263056B0004657F3 /* ImageParser.swift */; };
		8723855A26305863004657F3 /* ImageRequest.swift in Sources */ = {isa = PBXBuildFile; fileRef = 8723855926305863004657F3 /* ImageRequest.swift */; };
		87238560263063D9004657F3 /* ImageService.swift in Sources */ = {isa = PBXBuildFile; fileRef = 8723855F263063D9004657F3 /* ImageService.swift */; };
		872D76A12636C21C00C9CA2C /* TransitionManager.swift in Sources */ = {isa = PBXBuildFile; fileRef = 872D76A02636C21C00C9CA2C /* TransitionManager.swift */; };
		8733C02D25E558E100705BD4 /* AvatarView.swift in Sources */ = {isa = PBXBuildFile; fileRef = 8733C02C25E558E100705BD4 /* AvatarView.swift */; };
		87375131264085C200EBC674 /* ThemeServiceTest.swift in Sources */ = {isa = PBXBuildFile; fileRef = 87375130264085C200EBC674 /* ThemeServiceTest.swift */; };
		873F8CBA2614671F009C9BCD /* CoreDataStack.swift in Sources */ = {isa = PBXBuildFile; fileRef = 873F8CB92614671F009C9BCD /* CoreDataStack.swift */; };
		873F8CBD2614675E009C9BCD /* ObjectExtensions.swift in Sources */ = {isa = PBXBuildFile; fileRef = 873F8CBC2614675E009C9BCD /* ObjectExtensions.swift */; };
		873F8CC026146EE7009C9BCD /* RequestService.swift in Sources */ = {isa = PBXBuildFile; fileRef = 873F8CBF26146EE7009C9BCD /* RequestService.swift */; };
		873FAEA826068B4200ECBE33 /* FileNames.swift in Sources */ = {isa = PBXBuildFile; fileRef = 873FAEA726068B4200ECBE33 /* FileNames.swift */; };
		87453EE926282A42000E059E /* CoreAssembly.swift in Sources */ = {isa = PBXBuildFile; fileRef = 87453EE826282A42000E059E /* CoreAssembly.swift */; };
		87453EED26282EFB000E059E /* ServiceAssembly.swift in Sources */ = {isa = PBXBuildFile; fileRef = 87453EEC26282EFB000E059E /* ServiceAssembly.swift */; };
		87453EF826285B51000E059E /* PresentationAssembly.swift in Sources */ = {isa = PBXBuildFile; fileRef = 87453EF726285B51000E059E /* PresentationAssembly.swift */; };
		87476A27260C8EAA00979EB3 /* String + Extension.swift in Sources */ = {isa = PBXBuildFile; fileRef = 87476A26260C8EAA00979EB3 /* String + Extension.swift */; };
		874E44A325E2959F0045DCEE /* UIAlertController + Extension.swift in Sources */ = {isa = PBXBuildFile; fileRef = 874E44A225E2959F0045DCEE /* UIAlertController + Extension.swift */; };
		8752E98025E96A9700DECEF3 /* Profile.storyboard in Resources */ = {isa = PBXBuildFile; fileRef = 8752E97F25E96A9700DECEF3 /* Profile.storyboard */; };
		87593C9226244A9800395E77 /* SaveProfileOperation.swift in Sources */ = {isa = PBXBuildFile; fileRef = 87593C9126244A9800395E77 /* SaveProfileOperation.swift */; };
		87593C9526244AC400395E77 /* LoadProfileOperation.swift in Sources */ = {isa = PBXBuildFile; fileRef = 87593C9426244AC400395E77 /* LoadProfileOperation.swift */; };
		87593CA52624716300395E77 /* ProfileButton.swift in Sources */ = {isa = PBXBuildFile; fileRef = 87593CA42624716300395E77 /* ProfileButton.swift */; };
		8759982325F687DA00D6F710 /* ThemeService.swift in Sources */ = {isa = PBXBuildFile; fileRef = 8759982225F687DA00D6F710 /* ThemeService.swift */; };
		8759A9AC25E94C4000B945D5 /* Date + Extension.swift in Sources */ = {isa = PBXBuildFile; fileRef = 8759A9AB25E94C4000B945D5 /* Date + Extension.swift */; };
		8759A9AF25E9530D00B945D5 /* ConversationViewController.swift in Sources */ = {isa = PBXBuildFile; fileRef = 8759A9AE25E9530D00B945D5 /* ConversationViewController.swift */; };
		8759A9B325E953E000B945D5 /* IncomingCell.swift in Sources */ = {isa = PBXBuildFile; fileRef = 8759A9B225E953E000B945D5 /* IncomingCell.swift */; };
		875F539325FFCF3300038B1F /* UIViewController + extension.swift in Sources */ = {isa = PBXBuildFile; fileRef = 875F539225FFCF3300038B1F /* UIViewController + extension.swift */; };
		876B809825E1A35A00D0D323 /* ProfileViewController.swift in Sources */ = {isa = PBXBuildFile; fileRef = 876B809725E1A35A00D0D323 /* ProfileViewController.swift */; };
		877A571F25F9825C00742428 /* UIImageView + Extension.swift in Sources */ = {isa = PBXBuildFile; fileRef = 877A571E25F9825C00742428 /* UIImageView + Extension.swift */; };
		877C1B3825F1722800290FCD /* ThemesViewController.swift in Sources */ = {isa = PBXBuildFile; fileRef = 877C1B3725F1722800290FCD /* ThemesViewController.swift */; };
		877DD8B525E8E6BA002B8ADC /* ConversationListCell.swift in Sources */ = {isa = PBXBuildFile; fileRef = 877DD8B425E8E6BA002B8ADC /* ConversationListCell.swift */; };
		877DD8CC25E90534002B8ADC /* ConversationListViewController.swift in Sources */ = {isa = PBXBuildFile; fileRef = 877DD8CB25E90534002B8ADC /* ConversationListViewController.swift */; };
		877F70E22626D89A00125CE4 /* ModelConversationList.swift in Sources */ = {isa = PBXBuildFile; fileRef = 877F70E12626D89A00125CE4 /* ModelConversationList.swift */; };
		877F70E82626E00500125CE4 /* ThemePickerButton.swift in Sources */ = {isa = PBXBuildFile; fileRef = 877F70E72626E00500125CE4 /* ThemePickerButton.swift */; };
		877F70EB2626E24800125CE4 /* FetchedResultController.swift in Sources */ = {isa = PBXBuildFile; fileRef = 877F70EA2626E24800125CE4 /* FetchedResultController.swift */; };
		877F70F02626F0E400125CE4 /* ChannelFRCDelegate.swift in Sources */ = {isa = PBXBuildFile; fileRef = 877F70EF2626F0E400125CE4 /* ChannelFRCDelegate.swift */; };
		877F70F32626F15B00125CE4 /* UITableView + Extension.swift in Sources */ = {isa = PBXBuildFile; fileRef = 877F70F22626F15B00125CE4 /* UITableView + Extension.swift */; };
		8788EC382627380600AE6AF0 /* MessageFetchetResultController.swift in Sources */ = {isa = PBXBuildFile; fileRef = 8788EC372627380600AE6AF0 /* MessageFetchetResultController.swift */; };
		8788EC3E26273A0A00AE6AF0 /* ModelConversation.swift in Sources */ = {isa = PBXBuildFile; fileRef = 8788EC3D26273A0A00AE6AF0 /* ModelConversation.swift */; };
		8788EC442627417300AE6AF0 /* MessageFRCDelegate.swift in Sources */ = {isa = PBXBuildFile; fileRef = 8788EC432627417300AE6AF0 /* MessageFRCDelegate.swift */; };
		8788EC4926274C1100AE6AF0 /* Colors.swift in Sources */ = {isa = PBXBuildFile; fileRef = 8788EC4826274C1100AE6AF0 /* Colors.swift */; };
		8788EC5C2627860E00AE6AF0 /* ImagePicker.swift in Sources */ = {isa = PBXBuildFile; fileRef = 8788EC5B2627860E00AE6AF0 /* ImagePicker.swift */; };
		878ACE58264D4A58007E34EB /* GoogleService-Info.plist in Resources */ = {isa = PBXBuildFile; fileRef = 878ACE57264D4A58007E34EB /* GoogleService-Info.plist */; };
		879232BC260776BA004422A2 /* Channel.swift in Sources */ = {isa = PBXBuildFile; fileRef = 879232BB260776BA004422A2 /* Channel.swift */; };
		879232BF260776E3004422A2 /* Message.swift in Sources */ = {isa = PBXBuildFile; fileRef = 879232BE260776E3004422A2 /* Message.swift */; };
		879E6BCD25F7796800E0EB8A /* PaletteProtocol.swift in Sources */ = {isa = PBXBuildFile; fileRef = 879E6BCC25F7796800E0EB8A /* PaletteProtocol.swift */; };
		87AE3E95261EEE0900B93D53 /* TableViewDataSourseConversation.swift in Sources */ = {isa = PBXBuildFile; fileRef = 87AE3E94261EEE0800B93D53 /* TableViewDataSourseConversation.swift */; };
		87B7C8B825EA9D9B00A99C94 /* OutgoingCell.swift in Sources */ = {isa = PBXBuildFile; fileRef = 87B7C8B725EA9D9B00A99C94 /* OutgoingCell.swift */; };
		87BB3FC425FE707200FAB54B /* SaveProfileService.swift in Sources */ = {isa = PBXBuildFile; fileRef = 87BB3FC325FE707200FAB54B /* SaveProfileService.swift */; };
		87BB3FC725FE70F000FAB54B /* FilesManager.swift in Sources */ = {isa = PBXBuildFile; fileRef = 87BB3FC625FE70F000FAB54B /* FilesManager.swift */; };
		87BB3FCA25FE8ED500FAB54B /* Profile.swift in Sources */ = {isa = PBXBuildFile; fileRef = 87BB3FC925FE8ED500FAB54B /* Profile.swift */; };
		87C0C919260CDDF5009C66D5 /* ErrorAlert.swift in Sources */ = {isa = PBXBuildFile; fileRef = 87C0C918260CDDF5009C66D5 /* ErrorAlert.swift */; };
		87C2187E26134CB800E17BF3 /* SpeechBubble.swift in Sources */ = {isa = PBXBuildFile; fileRef = 87C2187D26134CB800E17BF3 /* SpeechBubble.swift */; };
		87C752A326258614002D4C57 /* Theme.swift in Sources */ = {isa = PBXBuildFile; fileRef = 87C752A226258614002D4C57 /* Theme.swift */; };
		87D6DA1B262C7EFF002B2426 /* ModelPhotosVC.swift in Sources */ = {isa = PBXBuildFile; fileRef = 87D6DA1A262C7EFF002B2426 /* ModelPhotosVC.swift */; };
		87D6DA21262C840C002B2426 /* PhotosCollectionVC.swift in Sources */ = {isa = PBXBuildFile; fileRef = 87D6DA20262C840C002B2426 /* PhotosCollectionVC.swift */; };
		87D6DA26262CA561002B2426 /* AvaCell.swift in Sources */ = {isa = PBXBuildFile; fileRef = 87D6DA25262CA561002B2426 /* AvaCell.swift */; };
		87DD613226320226003D259E /* Spinner.swift in Sources */ = {isa = PBXBuildFile; fileRef = 87DD613126320226003D259E /* Spinner.swift */; };
		87DD6138263204D5003D259E /* PhotosCollectionDataSource.swift in Sources */ = {isa = PBXBuildFile; fileRef = 87DD6137263204D5003D259E /* PhotosCollectionDataSource.swift */; };
		87EA85F0262CD5FC009E2D53 /* PhotosVCHeader.swift in Sources */ = {isa = PBXBuildFile; fileRef = 87EA85EF262CD5FC009E2D53 /* PhotosVCHeader.swift */; };
		87F6C4C026397F1900289027 /* EmitterViewController.swift in Sources */ = {isa = PBXBuildFile; fileRef = 87F6C4BF26397F1900289027 /* EmitterViewController.swift */; };
		87F6C4C526398F8900289027 /* AnimatedButton.swift in Sources */ = {isa = PBXBuildFile; fileRef = 87F6C4C426398F8900289027 /* AnimatedButton.swift */; };
/* End PBXBuildFile section */

/* Begin PBXContainerItemProxy section */
		8713F09F263ED35F0010676C /* PBXContainerItemProxy */ = {
			isa = PBXContainerItemProxy;
			containerPortal = 8723469525D6858100ED3E4E /* Project object */;
			proxyType = 1;
			remoteGlobalIDString = 8723469C25D6858100ED3E4E;
			remoteInfo = MyChat;
		};
		8713F0AD263F341E0010676C /* PBXContainerItemProxy */ = {
			isa = PBXContainerItemProxy;
			containerPortal = 8723469525D6858100ED3E4E /* Project object */;
			proxyType = 1;
			remoteGlobalIDString = 8723469C25D6858100ED3E4E;
			remoteInfo = MyChat;
		};
/* End PBXContainerItemProxy section */

/* Begin PBXFileReference section */
		3EE70F99DDB9A36C49B080C3 /* Pods_MyChat.framework */ = {isa = PBXFileReference; explicitFileType = wrapper.framework; includeInIndex = 0; path = Pods_MyChat.framework; sourceTree = BUILT_PRODUCTS_DIR; };
		8700E4FE260BA36A00606A26 /* MessageBar.swift */ = {isa = PBXFileReference; lastKnownFileType = sourcecode.swift; path = MessageBar.swift; sourceTree = "<group>"; };
		8700E501260BA3CC00606A26 /* MessageTextView.swift */ = {isa = PBXFileReference; lastKnownFileType = sourcecode.swift; path = MessageTextView.swift; sourceTree = "<group>"; };
		87013205262FF6AE009DB275 /* RequestSender.swift */ = {isa = PBXFileReference; lastKnownFileType = sourcecode.swift; path = RequestSender.swift; sourceTree = "<group>"; };
		8701FBB72615C21A00B06005 /* CGFloat + Extension.swift */ = {isa = PBXFileReference; lastKnownFileType = sourcecode.swift; path = "CGFloat + Extension.swift"; sourceTree = "<group>"; };
		8701FBBA2615C26000B06005 /* UIColor + Extension.swift */ = {isa = PBXFileReference; lastKnownFileType = sourcecode.swift; path = "UIColor + Extension.swift"; sourceTree = "<group>"; };
		8706E188260926CF003DF879 /* FirestoreService.swift */ = {isa = PBXFileReference; lastKnownFileType = sourcecode.swift; path = FirestoreService.swift; sourceTree = "<group>"; };
		8706E18B26092790003DF879 /* ListenerService.swift */ = {isa = PBXFileReference; lastKnownFileType = sourcecode.swift; path = ListenerService.swift; sourceTree = "<group>"; };
		8709378A25F4F5DD0036CD73 /* UIWindow + Extension.swift */ = {isa = PBXFileReference; lastKnownFileType = sourcecode.swift; path = "UIWindow + Extension.swift"; sourceTree = "<group>"; };
		8712503E25F3DA4900804702 /* ThemeButtonView.swift */ = {isa = PBXFileReference; lastKnownFileType = sourcecode.swift; path = ThemeButtonView.swift; sourceTree = "<group>"; };
		8713F09A263ED35F0010676C /* MyChatTests.xctest */ = {isa = PBXFileReference; explicitFileType = wrapper.cfbundle; includeInIndex = 0; path = MyChatTests.xctest; sourceTree = BUILT_PRODUCTS_DIR; };
		8713F09C263ED35F0010676C /* SaveProfileServiceTests.swift */ = {isa = PBXFileReference; lastKnownFileType = sourcecode.swift; path = SaveProfileServiceTests.swift; sourceTree = "<group>"; };
		8713F09E263ED35F0010676C /* Info.plist */ = {isa = PBXFileReference; lastKnownFileType = text.plist.xml; path = Info.plist; sourceTree = "<group>"; };
		8713F0A8263F341E0010676C /* MyChatUITests.xctest */ = {isa = PBXFileReference; explicitFileType = wrapper.cfbundle; includeInIndex = 0; path = MyChatUITests.xctest; sourceTree = BUILT_PRODUCTS_DIR; };
		8713F0AA263F341E0010676C /* ProfileVCUITests.swift */ = {isa = PBXFileReference; lastKnownFileType = sourcecode.swift; path = ProfileVCUITests.swift; sourceTree = "<group>"; };
		8713F0AC263F341E0010676C /* Info.plist */ = {isa = PBXFileReference; lastKnownFileType = text.plist.xml; path = Info.plist; sourceTree = "<group>"; };
		8723469D25D6858100ED3E4E /* MyChat.app */ = {isa = PBXFileReference; explicitFileType = wrapper.application; includeInIndex = 0; path = MyChat.app; sourceTree = BUILT_PRODUCTS_DIR; };
		872346A025D6858100ED3E4E /* AppDelegate.swift */ = {isa = PBXFileReference; lastKnownFileType = sourcecode.swift; path = AppDelegate.swift; sourceTree = "<group>"; };
		872346A725D6858100ED3E4E /* Base */ = {isa = PBXFileReference; lastKnownFileType = file.storyboard; name = Base; path = Base.lproj/Main.storyboard; sourceTree = "<group>"; };
		872346AA25D6858100ED3E4E /* MyChat.xcdatamodel */ = {isa = PBXFileReference; lastKnownFileType = wrapper.xcdatamodel; path = MyChat.xcdatamodel; sourceTree = "<group>"; };
		872346AC25D6858400ED3E4E /* Assets.xcassets */ = {isa = PBXFileReference; lastKnownFileType = folder.assetcatalog; path = Assets.xcassets; sourceTree = "<group>"; };
		872346AF25D6858400ED3E4E /* Base */ = {isa = PBXFileReference; lastKnownFileType = file.storyboard; name = Base; path = Base.lproj/LaunchScreen.storyboard; sourceTree = "<group>"; };
		872346B125D6858400ED3E4E /* Info.plist */ = {isa = PBXFileReference; lastKnownFileType = text.plist.xml; path = Info.plist; sourceTree = "<group>"; };
		87237010261E0E6A00C25486 /* TableViewDataSourceChannels.swift */ = {isa = PBXFileReference; lastKnownFileType = sourcecode.swift; path = TableViewDataSourceChannels.swift; sourceTree = "<group>"; };
		8723854B26304FF9004657F3 /* NetworkError.swift */ = {isa = PBXFileReference; lastKnownFileType = sourcecode.swift; path = NetworkError.swift; sourceTree = "<group>"; };
		87238550263054F0004657F3 /* RequestFactory.swift */ = {isa = PBXFileReference; lastKnownFileType = sourcecode.swift; path = RequestFactory.swift; sourceTree = "<group>"; };
		8723855326305520004657F3 /* RequestConfig.swift */ = {isa = PBXFileReference; lastKnownFileType = sourcecode.swift; path = RequestConfig.swift; sourceTree = "<group>"; };
		87238556263056B0004657F3 /* ImageParser.swift */ = {isa = PBXFileReference; lastKnownFileType = sourcecode.swift; path = ImageParser.swift; sourceTree = "<group>"; };
		8723855926305863004657F3 /* ImageRequest.swift */ = {isa = PBXFileReference; lastKnownFileType = sourcecode.swift; path = ImageRequest.swift; sourceTree = "<group>"; };
		8723855F263063D9004657F3 /* ImageService.swift */ = {isa = PBXFileReference; lastKnownFileType = sourcecode.swift; path = ImageService.swift; sourceTree = "<group>"; };
		872D76A02636C21C00C9CA2C /* TransitionManager.swift */ = {isa = PBXFileReference; lastKnownFileType = sourcecode.swift; path = TransitionManager.swift; sourceTree = "<group>"; };
		8733C02C25E558E100705BD4 /* AvatarView.swift */ = {isa = PBXFileReference; lastKnownFileType = sourcecode.swift; path = AvatarView.swift; sourceTree = "<group>"; };
		87375130264085C200EBC674 /* ThemeServiceTest.swift */ = {isa = PBXFileReference; lastKnownFileType = sourcecode.swift; path = ThemeServiceTest.swift; sourceTree = "<group>"; };
		873F8CB92614671F009C9BCD /* CoreDataStack.swift */ = {isa = PBXFileReference; lastKnownFileType = sourcecode.swift; path = CoreDataStack.swift; sourceTree = "<group>"; };
		873F8CBC2614675E009C9BCD /* ObjectExtensions.swift */ = {isa = PBXFileReference; lastKnownFileType = sourcecode.swift; path = ObjectExtensions.swift; sourceTree = "<group>"; };
		873F8CBF26146EE7009C9BCD /* RequestService.swift */ = {isa = PBXFileReference; lastKnownFileType = sourcecode.swift; path = RequestService.swift; sourceTree = "<group>"; };
		873FAEA726068B4200ECBE33 /* FileNames.swift */ = {isa = PBXFileReference; lastKnownFileType = sourcecode.swift; path = FileNames.swift; sourceTree = "<group>"; };
		87453EE826282A42000E059E /* CoreAssembly.swift */ = {isa = PBXFileReference; lastKnownFileType = sourcecode.swift; path = CoreAssembly.swift; sourceTree = "<group>"; };
		87453EEC26282EFB000E059E /* ServiceAssembly.swift */ = {isa = PBXFileReference; lastKnownFileType = sourcecode.swift; path = ServiceAssembly.swift; sourceTree = "<group>"; };
		87453EF726285B51000E059E /* PresentationAssembly.swift */ = {isa = PBXFileReference; lastKnownFileType = sourcecode.swift; path = PresentationAssembly.swift; sourceTree = "<group>"; };
		87476A26260C8EAA00979EB3 /* String + Extension.swift */ = {isa = PBXFileReference; lastKnownFileType = sourcecode.swift; path = "String + Extension.swift"; sourceTree = "<group>"; };
		874E44A225E2959F0045DCEE /* UIAlertController + Extension.swift */ = {isa = PBXFileReference; lastKnownFileType = sourcecode.swift; path = "UIAlertController + Extension.swift"; sourceTree = "<group>"; };
		8752E97F25E96A9700DECEF3 /* Profile.storyboard */ = {isa = PBXFileReference; lastKnownFileType = file.storyboard; path = Profile.storyboard; sourceTree = "<group>"; };
		87593C9126244A9800395E77 /* SaveProfileOperation.swift */ = {isa = PBXFileReference; lastKnownFileType = sourcecode.swift; path = SaveProfileOperation.swift; sourceTree = "<group>"; };
		87593C9426244AC400395E77 /* LoadProfileOperation.swift */ = {isa = PBXFileReference; lastKnownFileType = sourcecode.swift; path = LoadProfileOperation.swift; sourceTree = "<group>"; };
		87593CA42624716300395E77 /* ProfileButton.swift */ = {isa = PBXFileReference; lastKnownFileType = sourcecode.swift; path = ProfileButton.swift; sourceTree = "<group>"; };
		8759982225F687DA00D6F710 /* ThemeService.swift */ = {isa = PBXFileReference; lastKnownFileType = sourcecode.swift; path = ThemeService.swift; sourceTree = "<group>"; };
		8759A9AB25E94C4000B945D5 /* Date + Extension.swift */ = {isa = PBXFileReference; lastKnownFileType = sourcecode.swift; path = "Date + Extension.swift"; sourceTree = "<group>"; };
		8759A9AE25E9530D00B945D5 /* ConversationViewController.swift */ = {isa = PBXFileReference; lastKnownFileType = sourcecode.swift; path = ConversationViewController.swift; sourceTree = "<group>"; };
		8759A9B225E953E000B945D5 /* IncomingCell.swift */ = {isa = PBXFileReference; lastKnownFileType = sourcecode.swift; path = IncomingCell.swift; sourceTree = "<group>"; };
		875F539225FFCF3300038B1F /* UIViewController + extension.swift */ = {isa = PBXFileReference; lastKnownFileType = sourcecode.swift; path = "UIViewController + extension.swift"; sourceTree = "<group>"; };
		876B809725E1A35A00D0D323 /* ProfileViewController.swift */ = {isa = PBXFileReference; lastKnownFileType = sourcecode.swift; path = ProfileViewController.swift; sourceTree = "<group>"; };
		877A571E25F9825C00742428 /* UIImageView + Extension.swift */ = {isa = PBXFileReference; lastKnownFileType = sourcecode.swift; path = "UIImageView + Extension.swift"; sourceTree = "<group>"; };
		877C1B3725F1722800290FCD /* ThemesViewController.swift */ = {isa = PBXFileReference; lastKnownFileType = sourcecode.swift; path = ThemesViewController.swift; sourceTree = "<group>"; };
		877DD8B425E8E6BA002B8ADC /* ConversationListCell.swift */ = {isa = PBXFileReference; lastKnownFileType = sourcecode.swift; path = ConversationListCell.swift; sourceTree = "<group>"; };
		877DD8CB25E90534002B8ADC /* ConversationListViewController.swift */ = {isa = PBXFileReference; lastKnownFileType = sourcecode.swift; path = ConversationListViewController.swift; sourceTree = "<group>"; };
		877F70E12626D89A00125CE4 /* ModelConversationList.swift */ = {isa = PBXFileReference; lastKnownFileType = sourcecode.swift; path = ModelConversationList.swift; sourceTree = "<group>"; };
		877F70E72626E00500125CE4 /* ThemePickerButton.swift */ = {isa = PBXFileReference; lastKnownFileType = sourcecode.swift; path = ThemePickerButton.swift; sourceTree = "<group>"; };
		877F70EA2626E24800125CE4 /* FetchedResultController.swift */ = {isa = PBXFileReference; lastKnownFileType = sourcecode.swift; path = FetchedResultController.swift; sourceTree = "<group>"; };
		877F70EF2626F0E400125CE4 /* ChannelFRCDelegate.swift */ = {isa = PBXFileReference; lastKnownFileType = sourcecode.swift; path = ChannelFRCDelegate.swift; sourceTree = "<group>"; };
		877F70F22626F15B00125CE4 /* UITableView + Extension.swift */ = {isa = PBXFileReference; lastKnownFileType = sourcecode.swift; path = "UITableView + Extension.swift"; sourceTree = "<group>"; };
		8788EC372627380600AE6AF0 /* MessageFetchetResultController.swift */ = {isa = PBXFileReference; lastKnownFileType = sourcecode.swift; path = MessageFetchetResultController.swift; sourceTree = "<group>"; };
		8788EC3D26273A0A00AE6AF0 /* ModelConversation.swift */ = {isa = PBXFileReference; lastKnownFileType = sourcecode.swift; path = ModelConversation.swift; sourceTree = "<group>"; };
		8788EC432627417300AE6AF0 /* MessageFRCDelegate.swift */ = {isa = PBXFileReference; lastKnownFileType = sourcecode.swift; path = MessageFRCDelegate.swift; sourceTree = "<group>"; };
		8788EC4826274C1100AE6AF0 /* Colors.swift */ = {isa = PBXFileReference; lastKnownFileType = sourcecode.swift; path = Colors.swift; sourceTree = "<group>"; };
		8788EC5B2627860E00AE6AF0 /* ImagePicker.swift */ = {isa = PBXFileReference; lastKnownFileType = sourcecode.swift; path = ImagePicker.swift; sourceTree = "<group>"; };
		878ACE57264D4A58007E34EB /* GoogleService-Info.plist */ = {isa = PBXFileReference; fileEncoding = 4; lastKnownFileType = text.plist.xml; path = "GoogleService-Info.plist"; sourceTree = "<group>"; };
		879232BB260776BA004422A2 /* Channel.swift */ = {isa = PBXFileReference; lastKnownFileType = sourcecode.swift; path = Channel.swift; sourceTree = "<group>"; };
		879232BE260776E3004422A2 /* Message.swift */ = {isa = PBXFileReference; lastKnownFileType = sourcecode.swift; path = Message.swift; sourceTree = "<group>"; };
		879E6BCC25F7796800E0EB8A /* PaletteProtocol.swift */ = {isa = PBXFileReference; lastKnownFileType = sourcecode.swift; path = PaletteProtocol.swift; sourceTree = "<group>"; };
		87AE3E94261EEE0800B93D53 /* TableViewDataSourseConversation.swift */ = {isa = PBXFileReference; lastKnownFileType = sourcecode.swift; path = TableViewDataSourseConversation.swift; sourceTree = "<group>"; };
		87B7C8B725EA9D9B00A99C94 /* OutgoingCell.swift */ = {isa = PBXFileReference; lastKnownFileType = sourcecode.swift; path = OutgoingCell.swift; sourceTree = "<group>"; };
		87BB3FC325FE707200FAB54B /* SaveProfileService.swift */ = {isa = PBXFileReference; lastKnownFileType = sourcecode.swift; path = SaveProfileService.swift; sourceTree = "<group>"; };
		87BB3FC625FE70F000FAB54B /* FilesManager.swift */ = {isa = PBXFileReference; lastKnownFileType = sourcecode.swift; path = FilesManager.swift; sourceTree = "<group>"; };
		87BB3FC925FE8ED500FAB54B /* Profile.swift */ = {isa = PBXFileReference; lastKnownFileType = sourcecode.swift; path = Profile.swift; sourceTree = "<group>"; };
		87C0C918260CDDF5009C66D5 /* ErrorAlert.swift */ = {isa = PBXFileReference; lastKnownFileType = sourcecode.swift; path = ErrorAlert.swift; sourceTree = "<group>"; };
		87C2187D26134CB800E17BF3 /* SpeechBubble.swift */ = {isa = PBXFileReference; lastKnownFileType = sourcecode.swift; path = SpeechBubble.swift; sourceTree = "<group>"; };
		87C752A226258614002D4C57 /* Theme.swift */ = {isa = PBXFileReference; lastKnownFileType = sourcecode.swift; path = Theme.swift; sourceTree = "<group>"; };
		87D6DA1A262C7EFF002B2426 /* ModelPhotosVC.swift */ = {isa = PBXFileReference; lastKnownFileType = sourcecode.swift; path = ModelPhotosVC.swift; sourceTree = "<group>"; };
		87D6DA20262C840C002B2426 /* PhotosCollectionVC.swift */ = {isa = PBXFileReference; lastKnownFileType = sourcecode.swift; path = PhotosCollectionVC.swift; sourceTree = "<group>"; };
		87D6DA25262CA561002B2426 /* AvaCell.swift */ = {isa = PBXFileReference; lastKnownFileType = sourcecode.swift; path = AvaCell.swift; sourceTree = "<group>"; };
		87DD613126320226003D259E /* Spinner.swift */ = {isa = PBXFileReference; lastKnownFileType = sourcecode.swift; path = Spinner.swift; sourceTree = "<group>"; };
		87DD6137263204D5003D259E /* PhotosCollectionDataSource.swift */ = {isa = PBXFileReference; lastKnownFileType = sourcecode.swift; path = PhotosCollectionDataSource.swift; sourceTree = "<group>"; };
		87EA85EF262CD5FC009E2D53 /* PhotosVCHeader.swift */ = {isa = PBXFileReference; lastKnownFileType = sourcecode.swift; path = PhotosVCHeader.swift; sourceTree = "<group>"; };
		87F6C4BF26397F1900289027 /* EmitterViewController.swift */ = {isa = PBXFileReference; lastKnownFileType = sourcecode.swift; path = EmitterViewController.swift; sourceTree = "<group>"; };
		87F6C4C426398F8900289027 /* AnimatedButton.swift */ = {isa = PBXFileReference; lastKnownFileType = sourcecode.swift; path = AnimatedButton.swift; sourceTree = "<group>"; };
		9C6A1F03A50320AA9611409D /* Pods-MyChat.release.xcconfig */ = {isa = PBXFileReference; includeInIndex = 1; lastKnownFileType = text.xcconfig; name = "Pods-MyChat.release.xcconfig"; path = "Target Support Files/Pods-MyChat/Pods-MyChat.release.xcconfig"; sourceTree = "<group>"; };
		EC277F95555A8E97EFFC23B7 /* Pods-MyChat.debug.xcconfig */ = {isa = PBXFileReference; includeInIndex = 1; lastKnownFileType = text.xcconfig; name = "Pods-MyChat.debug.xcconfig"; path = "Target Support Files/Pods-MyChat/Pods-MyChat.debug.xcconfig"; sourceTree = "<group>"; };
/* End PBXFileReference section */

/* Begin PBXFrameworksBuildPhase section */
		8713F097263ED35F0010676C /* Frameworks */ = {
			isa = PBXFrameworksBuildPhase;
			buildActionMask = 2147483647;
			files = (
			);
			runOnlyForDeploymentPostprocessing = 0;
		};
		8713F0A5263F341E0010676C /* Frameworks */ = {
			isa = PBXFrameworksBuildPhase;
			buildActionMask = 2147483647;
			files = (
			);
			runOnlyForDeploymentPostprocessing = 0;
		};
		8723469A25D6858100ED3E4E /* Frameworks */ = {
			isa = PBXFrameworksBuildPhase;
			buildActionMask = 2147483647;
			files = (
				0DEB11AC820197FA0D43FDAA /* Pods_MyChat.framework in Frameworks */,
			);
			runOnlyForDeploymentPostprocessing = 0;
		};
/* End PBXFrameworksBuildPhase section */

/* Begin PBXGroup section */
		147A1D07652C923B2BB343AB /* Frameworks */ = {
			isa = PBXGroup;
			children = (
				3EE70F99DDB9A36C49B080C3 /* Pods_MyChat.framework */,
			);
			name = Frameworks;
			sourceTree = "<group>";
		};
		8713F09B263ED35F0010676C /* MyChatTests */ = {
			isa = PBXGroup;
			children = (
				8713F09C263ED35F0010676C /* SaveProfileServiceTests.swift */,
				87375130264085C200EBC674 /* ThemeServiceTest.swift */,
				8713F09E263ED35F0010676C /* Info.plist */,
			);
			path = MyChatTests;
			sourceTree = "<group>";
		};
		8713F0A9263F341E0010676C /* MyChatUITests */ = {
			isa = PBXGroup;
			children = (
				8713F0AA263F341E0010676C /* ProfileVCUITests.swift */,
				8713F0AC263F341E0010676C /* Info.plist */,
			);
			path = MyChatUITests;
			sourceTree = "<group>";
		};
		8723469425D6858100ED3E4E = {
			isa = PBXGroup;
			children = (
				8723469F25D6858100ED3E4E /* MyChat */,
				8713F09B263ED35F0010676C /* MyChatTests */,
				8713F0A9263F341E0010676C /* MyChatUITests */,
				8723469E25D6858100ED3E4E /* Products */,
				FE2AE596A741436A85B8429F /* Pods */,
				147A1D07652C923B2BB343AB /* Frameworks */,
			);
			sourceTree = "<group>";
		};
		8723469E25D6858100ED3E4E /* Products */ = {
			isa = PBXGroup;
			children = (
				8723469D25D6858100ED3E4E /* MyChat.app */,
				8713F09A263ED35F0010676C /* MyChatTests.xctest */,
				8713F0A8263F341E0010676C /* MyChatUITests.xctest */,
			);
			name = Products;
			sourceTree = "<group>";
		};
		8723469F25D6858100ED3E4E /* MyChat */ = {
			isa = PBXGroup;
			children = (
				878ACE57264D4A58007E34EB /* GoogleService-Info.plist */,
				87409C5425E2C489001EA77D /* Supporting Files */,
				87409C5125E2C43D001EA77D /* Presentation Layer */,
				87593C9926244E2C00395E77 /* Service Layer */,
				8770ACCC260924CC0024D69D /* Core Layer */,
				87409C5725E2C4C9001EA77D /* Extensions */,
			);
			path = MyChat;
			sourceTree = "<group>";
		};
		8723854926304F49004657F3 /* NetworkManager */ = {
			isa = PBXGroup;
			children = (
				8723855926305863004657F3 /* ImageRequest.swift */,
				87238556263056B0004657F3 /* ImageParser.swift */,
				8723854B26304FF9004657F3 /* NetworkError.swift */,
				87013205262FF6AE009DB275 /* RequestSender.swift */,
				8723855326305520004657F3 /* RequestConfig.swift */,
				87238550263054F0004657F3 /* RequestFactory.swift */,
			);
			path = NetworkManager;
			sourceTree = "<group>";
		};
		8733C02F25E558E700705BD4 /* Views */ = {
			isa = PBXGroup;
			children = (
				8700E501260BA3CC00606A26 /* MessageTextView.swift */,
				87C2187D26134CB800E17BF3 /* SpeechBubble.swift */,
				8700E4FE260BA36A00606A26 /* MessageBar.swift */,
			);
			path = Views;
			sourceTree = "<group>";
		};
		873AFD4725E93FCE004D1BB4 /* Cells */ = {
			isa = PBXGroup;
			children = (
				8759A9B225E953E000B945D5 /* IncomingCell.swift */,
				87B7C8B725EA9D9B00A99C94 /* OutgoingCell.swift */,
			);
			path = Cells;
			sourceTree = "<group>";
		};
		87409C5125E2C43D001EA77D /* Presentation Layer */ = {
			isa = PBXGroup;
			children = (
				87453EF726285B51000E059E /* PresentationAssembly.swift */,
				87C752A626258CD2002D4C57 /* Helpers */,
				87593C9B2624526700395E77 /* Modules */,
			);
			path = "Presentation Layer";
			sourceTree = "<group>";
		};
		87409C5425E2C489001EA77D /* Supporting Files */ = {
			isa = PBXGroup;
			children = (
				872346A025D6858100ED3E4E /* AppDelegate.swift */,
				872346AC25D6858400ED3E4E /* Assets.xcassets */,
				872346B125D6858400ED3E4E /* Info.plist */,
				872346AE25D6858400ED3E4E /* LaunchScreen.storyboard */,
			);
			path = "Supporting Files";
			sourceTree = "<group>";
		};
		87409C5725E2C4C9001EA77D /* Extensions */ = {
			isa = PBXGroup;
			children = (
				877DD8B925E8F92C002B8ADC /* UIKit */,
				8759A9AB25E94C4000B945D5 /* Date + Extension.swift */,
				87476A26260C8EAA00979EB3 /* String + Extension.swift */,
			);
			path = Extensions;
			sourceTree = "<group>";
		};
		87409C5825E2C4E3001EA77D /* CoreData */ = {
			isa = PBXGroup;
			children = (
				872346A925D6858100ED3E4E /* MyChat.xcdatamodeld */,
				873F8CB92614671F009C9BCD /* CoreDataStack.swift */,
				873F8CBC2614675E009C9BCD /* ObjectExtensions.swift */,
			);
			path = CoreData;
			sourceTree = "<group>";
		};
		87453EE626282981000E059E /* Theme */ = {
			isa = PBXGroup;
			children = (
				879E6BCC25F7796800E0EB8A /* PaletteProtocol.swift */,
				87C752A226258614002D4C57 /* Theme.swift */,
			);
			path = Theme;
			sourceTree = "<group>";
		};
		87593C9826244DEA00395E77 /* Operations */ = {
			isa = PBXGroup;
			children = (
				87593C9126244A9800395E77 /* SaveProfileOperation.swift */,
				87593C9426244AC400395E77 /* LoadProfileOperation.swift */,
			);
			path = Operations;
			sourceTree = "<group>";
		};
		87593C9926244E2C00395E77 /* Service Layer */ = {
			isa = PBXGroup;
			children = (
				87593C9826244DEA00395E77 /* Operations */,
				87453EEC26282EFB000E059E /* ServiceAssembly.swift */,
				8706E18B26092790003DF879 /* ListenerService.swift */,
				8706E188260926CF003DF879 /* FirestoreService.swift */,
				873F8CBF26146EE7009C9BCD /* RequestService.swift */,
				8723855F263063D9004657F3 /* ImageService.swift */,
				87BB3FC325FE707200FAB54B /* SaveProfileService.swift */,
				8759982225F687DA00D6F710 /* ThemeService.swift */,
			);
			path = "Service Layer";
			sourceTree = "<group>";
		};
		87593C9B2624526700395E77 /* Modules */ = {
			isa = PBXGroup;
			children = (
				87F6C4BD26397AA200289027 /* Animation */,
				87593C9F262452C500395E77 /* Profile */,
				87593C9E2624529A00395E77 /* Theme */,
				87593C9D2624528E00395E77 /* Conversation */,
				87593C9C2624527200395E77 /* Conversation List */,
				87D6DA19262C7E4F002B2426 /* Photos Collection */,
			);
			path = Modules;
			sourceTree = "<group>";
		};
		87593C9C2624527200395E77 /* Conversation List */ = {
			isa = PBXGroup;
			children = (
				87593CA72624913E00395E77 /* Views */,
				87593CA12624581800395E77 /* Cell */,
				877F70E52626DEAC00125CE4 /* DataSource */,
				877F70ED2626E88C00125CE4 /* FRC */,
				877F70E12626D89A00125CE4 /* ModelConversationList.swift */,
				877DD8CB25E90534002B8ADC /* ConversationListViewController.swift */,
				872346A625D6858100ED3E4E /* Main.storyboard */,
			);
			path = "Conversation List";
			sourceTree = "<group>";
		};
		87593C9D2624528E00395E77 /* Conversation */ = {
			isa = PBXGroup;
			children = (
				8733C02F25E558E700705BD4 /* Views */,
				873AFD4725E93FCE004D1BB4 /* Cells */,
				8788EC3B262739E400AE6AF0 /* DataSource */,
				8788EC3A262739CF00AE6AF0 /* FRC */,
				8788EC3D26273A0A00AE6AF0 /* ModelConversation.swift */,
				8759A9AE25E9530D00B945D5 /* ConversationViewController.swift */,
			);
			path = Conversation;
			sourceTree = "<group>";
		};
		87593C9E2624529A00395E77 /* Theme */ = {
			isa = PBXGroup;
			children = (
				8788EC4626274B7200AE6AF0 /* Views */,
				8788EC4826274C1100AE6AF0 /* Colors.swift */,
				877C1B3725F1722800290FCD /* ThemesViewController.swift */,
			);
			path = Theme;
			sourceTree = "<group>";
		};
		87593C9F262452C500395E77 /* Profile */ = {
			isa = PBXGroup;
			children = (
				8788EC4C26275EDB00AE6AF0 /* Views */,
				876B809725E1A35A00D0D323 /* ProfileViewController.swift */,
				8788EC5B2627860E00AE6AF0 /* ImagePicker.swift */,
				8752E97F25E96A9700DECEF3 /* Profile.storyboard */,
			);
			path = Profile;
			sourceTree = "<group>";
		};
		87593CA12624581800395E77 /* Cell */ = {
			isa = PBXGroup;
			children = (
				877DD8B425E8E6BA002B8ADC /* ConversationListCell.swift */,
			);
			path = Cell;
			sourceTree = "<group>";
		};
		87593CA72624913E00395E77 /* Views */ = {
			isa = PBXGroup;
			children = (
				87593CA42624716300395E77 /* ProfileButton.swift */,
				877F70E72626E00500125CE4 /* ThemePickerButton.swift */,
			);
			path = Views;
			sourceTree = "<group>";
		};
		8770ACCC260924CC0024D69D /* Core Layer */ = {
			isa = PBXGroup;
			children = (
				87453EE826282A42000E059E /* CoreAssembly.swift */,
				8723854926304F49004657F3 /* NetworkManager */,
				87D6DA0D262B7023002B2426 /* FileManager */,
				877DD8A325E8E334002B8ADC /* AppModels */,
				87409C5825E2C4E3001EA77D /* CoreData */,
				87453EE626282981000E059E /* Theme */,
			);
			path = "Core Layer";
			sourceTree = "<group>";
		};
		877DD8A325E8E334002B8ADC /* AppModels */ = {
			isa = PBXGroup;
			children = (
				879232BB260776BA004422A2 /* Channel.swift */,
				879232BE260776E3004422A2 /* Message.swift */,
				87BB3FC925FE8ED500FAB54B /* Profile.swift */,
			);
			path = AppModels;
			sourceTree = "<group>";
		};
		877DD8B925E8F92C002B8ADC /* UIKit */ = {
			isa = PBXGroup;
			children = (
				8701FBB72615C21A00B06005 /* CGFloat + Extension.swift */,
				8701FBBA2615C26000B06005 /* UIColor + Extension.swift */,
				874E44A225E2959F0045DCEE /* UIAlertController + Extension.swift */,
				8709378A25F4F5DD0036CD73 /* UIWindow + Extension.swift */,
				877A571E25F9825C00742428 /* UIImageView + Extension.swift */,
				875F539225FFCF3300038B1F /* UIViewController + extension.swift */,
				877F70F22626F15B00125CE4 /* UITableView + Extension.swift */,
			);
			path = UIKit;
			sourceTree = "<group>";
		};
		877F70E52626DEAC00125CE4 /* DataSource */ = {
			isa = PBXGroup;
			children = (
				87237010261E0E6A00C25486 /* TableViewDataSourceChannels.swift */,
			);
			path = DataSource;
			sourceTree = "<group>";
		};
		877F70ED2626E88C00125CE4 /* FRC */ = {
			isa = PBXGroup;
			children = (
				877F70EA2626E24800125CE4 /* FetchedResultController.swift */,
				877F70EF2626F0E400125CE4 /* ChannelFRCDelegate.swift */,
			);
			path = FRC;
			sourceTree = "<group>";
		};
		8788EC3A262739CF00AE6AF0 /* FRC */ = {
			isa = PBXGroup;
			children = (
				8788EC372627380600AE6AF0 /* MessageFetchetResultController.swift */,
				8788EC432627417300AE6AF0 /* MessageFRCDelegate.swift */,
			);
			path = FRC;
			sourceTree = "<group>";
		};
		8788EC3B262739E400AE6AF0 /* DataSource */ = {
			isa = PBXGroup;
			children = (
				87AE3E94261EEE0800B93D53 /* TableViewDataSourseConversation.swift */,
			);
			path = DataSource;
			sourceTree = "<group>";
		};
		8788EC4626274B7200AE6AF0 /* Views */ = {
			isa = PBXGroup;
			children = (
				8712503E25F3DA4900804702 /* ThemeButtonView.swift */,
			);
			path = Views;
			sourceTree = "<group>";
		};
		8788EC4C26275EDB00AE6AF0 /* Views */ = {
			isa = PBXGroup;
			children = (
				8733C02C25E558E100705BD4 /* AvatarView.swift */,
				87F6C4C426398F8900289027 /* AnimatedButton.swift */,
			);
			path = Views;
			sourceTree = "<group>";
		};
		87C752A626258CD2002D4C57 /* Helpers */ = {
			isa = PBXGroup;
			children = (
				87C0C918260CDDF5009C66D5 /* ErrorAlert.swift */,
			);
			path = Helpers;
			sourceTree = "<group>";
		};
		87D6DA0D262B7023002B2426 /* FileManager */ = {
			isa = PBXGroup;
			children = (
				87BB3FC625FE70F000FAB54B /* FilesManager.swift */,
				873FAEA726068B4200ECBE33 /* FileNames.swift */,
			);
			path = FileManager;
			sourceTree = "<group>";
		};
		87D6DA19262C7E4F002B2426 /* Photos Collection */ = {
			isa = PBXGroup;
			children = (
				87EA85EA262CBD3C009E2D53 /* Cell */,
				87EA85F2262CE2C2009E2D53 /* Header */,
				87DD613A26320995003D259E /* DataSource */,
				87DD61342632028D003D259E /* Views */,
				87D6DA1A262C7EFF002B2426 /* ModelPhotosVC.swift */,
				87D6DA20262C840C002B2426 /* PhotosCollectionVC.swift */,
			);
			path = "Photos Collection";
			sourceTree = "<group>";
		};
		87DD61342632028D003D259E /* Views */ = {
			isa = PBXGroup;
			children = (
				87DD613126320226003D259E /* Spinner.swift */,
			);
			path = Views;
			sourceTree = "<group>";
		};
		87DD613A26320995003D259E /* DataSource */ = {
			isa = PBXGroup;
			children = (
				87DD6137263204D5003D259E /* PhotosCollectionDataSource.swift */,
			);
			path = DataSource;
			sourceTree = "<group>";
		};
		87EA85EA262CBD3C009E2D53 /* Cell */ = {
			isa = PBXGroup;
			children = (
				87D6DA25262CA561002B2426 /* AvaCell.swift */,
			);
			path = Cell;
			sourceTree = "<group>";
		};
		87EA85F2262CE2C2009E2D53 /* Header */ = {
			isa = PBXGroup;
			children = (
				87EA85EF262CD5FC009E2D53 /* PhotosVCHeader.swift */,
			);
			path = Header;
			sourceTree = "<group>";
		};
		87F6C4BD26397AA200289027 /* Animation */ = {
			isa = PBXGroup;
			children = (
				872D76A02636C21C00C9CA2C /* TransitionManager.swift */,
				87F6C4BF26397F1900289027 /* EmitterViewController.swift */,
			);
			path = Animation;
			sourceTree = "<group>";
		};
		FE2AE596A741436A85B8429F /* Pods */ = {
			isa = PBXGroup;
			children = (
				EC277F95555A8E97EFFC23B7 /* Pods-MyChat.debug.xcconfig */,
				9C6A1F03A50320AA9611409D /* Pods-MyChat.release.xcconfig */,
			);
			path = Pods;
			sourceTree = "<group>";
		};
/* End PBXGroup section */

/* Begin PBXNativeTarget section */
		8713F099263ED35F0010676C /* MyChatTests */ = {
			isa = PBXNativeTarget;
			buildConfigurationList = 8713F0A3263ED35F0010676C /* Build configuration list for PBXNativeTarget "MyChatTests" */;
			buildPhases = (
				8713F096263ED35F0010676C /* Sources */,
				8713F097263ED35F0010676C /* Frameworks */,
				8713F098263ED35F0010676C /* Resources */,
			);
			buildRules = (
			);
			dependencies = (
				8713F0A0263ED35F0010676C /* PBXTargetDependency */,
			);
			name = MyChatTests;
			productName = MyChatTests;
			productReference = 8713F09A263ED35F0010676C /* MyChatTests.xctest */;
			productType = "com.apple.product-type.bundle.unit-test";
		};
		8713F0A7263F341E0010676C /* MyChatUITests */ = {
			isa = PBXNativeTarget;
			buildConfigurationList = 8713F0B1263F341E0010676C /* Build configuration list for PBXNativeTarget "MyChatUITests" */;
			buildPhases = (
				8713F0A4263F341E0010676C /* Sources */,
				8713F0A5263F341E0010676C /* Frameworks */,
				8713F0A6263F341E0010676C /* Resources */,
			);
			buildRules = (
			);
			dependencies = (
				8713F0AE263F341E0010676C /* PBXTargetDependency */,
			);
			name = MyChatUITests;
			productName = MyChatUITests;
			productReference = 8713F0A8263F341E0010676C /* MyChatUITests.xctest */;
			productType = "com.apple.product-type.bundle.ui-testing";
		};
		8723469C25D6858100ED3E4E /* MyChat */ = {
			isa = PBXNativeTarget;
			buildConfigurationList = 872346B425D6858400ED3E4E /* Build configuration list for PBXNativeTarget "MyChat" */;
			buildPhases = (
				276D0B64B9E14094C47693D2 /* [CP] Check Pods Manifest.lock */,
				8797F5A62606924E00E890E3 /* ShellScript */,
				8723469925D6858100ED3E4E /* Sources */,
				8723469A25D6858100ED3E4E /* Frameworks */,
				8723469B25D6858100ED3E4E /* Resources */,
				93991C150EE30C8D09BBE0B2 /* [CP] Embed Pods Frameworks */,
			);
			buildRules = (
			);
			dependencies = (
			);
			name = MyChat;
			productName = MyChat;
			productReference = 8723469D25D6858100ED3E4E /* MyChat.app */;
			productType = "com.apple.product-type.application";
		};
/* End PBXNativeTarget section */

/* Begin PBXProject section */
		8723469525D6858100ED3E4E /* Project object */ = {
			isa = PBXProject;
			attributes = {
				LastSwiftUpdateCheck = 1250;
				LastUpgradeCheck = 1240;
				TargetAttributes = {
					8713F099263ED35F0010676C = {
						CreatedOnToolsVersion = 12.5;
						TestTargetID = 8723469C25D6858100ED3E4E;
					};
					8713F0A7263F341E0010676C = {
						CreatedOnToolsVersion = 12.5;
						TestTargetID = 8723469C25D6858100ED3E4E;
					};
					8723469C25D6858100ED3E4E = {
						CreatedOnToolsVersion = 12.4;
					};
				};
			};
			buildConfigurationList = 8723469825D6858100ED3E4E /* Build configuration list for PBXProject "MyChat" */;
			compatibilityVersion = "Xcode 9.3";
			developmentRegion = en;
			hasScannedForEncodings = 0;
			knownRegions = (
				en,
				Base,
			);
			mainGroup = 8723469425D6858100ED3E4E;
			productRefGroup = 8723469E25D6858100ED3E4E /* Products */;
			projectDirPath = "";
			projectRoot = "";
			targets = (
				8723469C25D6858100ED3E4E /* MyChat */,
				8713F099263ED35F0010676C /* MyChatTests */,
				8713F0A7263F341E0010676C /* MyChatUITests */,
			);
		};
/* End PBXProject section */

/* Begin PBXResourcesBuildPhase section */
		8713F098263ED35F0010676C /* Resources */ = {
			isa = PBXResourcesBuildPhase;
			buildActionMask = 2147483647;
			files = (
			);
			runOnlyForDeploymentPostprocessing = 0;
		};
		8713F0A6263F341E0010676C /* Resources */ = {
			isa = PBXResourcesBuildPhase;
			buildActionMask = 2147483647;
			files = (
			);
			runOnlyForDeploymentPostprocessing = 0;
		};
		8723469B25D6858100ED3E4E /* Resources */ = {
			isa = PBXResourcesBuildPhase;
			buildActionMask = 2147483647;
			files = (
				872346B025D6858400ED3E4E /* LaunchScreen.storyboard in Resources */,
				8752E98025E96A9700DECEF3 /* Profile.storyboard in Resources */,
				878ACE58264D4A58007E34EB /* GoogleService-Info.plist in Resources */,
				872346AD25D6858400ED3E4E /* Assets.xcassets in Resources */,
				872346A825D6858100ED3E4E /* Main.storyboard in Resources */,
			);
			runOnlyForDeploymentPostprocessing = 0;
		};
/* End PBXResourcesBuildPhase section */

/* Begin PBXShellScriptBuildPhase section */
		276D0B64B9E14094C47693D2 /* [CP] Check Pods Manifest.lock */ = {
			isa = PBXShellScriptBuildPhase;
			buildActionMask = 2147483647;
			files = (
			);
			inputFileListPaths = (
			);
			inputPaths = (
				"${PODS_PODFILE_DIR_PATH}/Podfile.lock",
				"${PODS_ROOT}/Manifest.lock",
			);
			name = "[CP] Check Pods Manifest.lock";
			outputFileListPaths = (
			);
			outputPaths = (
				"$(DERIVED_FILE_DIR)/Pods-MyChat-checkManifestLockResult.txt",
			);
			runOnlyForDeploymentPostprocessing = 0;
			shellPath = /bin/sh;
			shellScript = "diff \"${PODS_PODFILE_DIR_PATH}/Podfile.lock\" \"${PODS_ROOT}/Manifest.lock\" > /dev/null\nif [ $? != 0 ] ; then\n    # print error to STDERR\n    echo \"error: The sandbox is not in sync with the Podfile.lock. Run 'pod install' or update your CocoaPods installation.\" >&2\n    exit 1\nfi\n# This output is used by Xcode 'outputs' to avoid re-running this script phase.\necho \"SUCCESS\" > \"${SCRIPT_OUTPUT_FILE_0}\"\n";
			showEnvVarsInLog = 0;
		};
		8797F5A62606924E00E890E3 /* ShellScript */ = {
			isa = PBXShellScriptBuildPhase;
			buildActionMask = 2147483647;
			files = (
			);
			inputFileListPaths = (
			);
			inputPaths = (
			);
			outputFileListPaths = (
			);
			outputPaths = (
			);
			runOnlyForDeploymentPostprocessing = 0;
			shellPath = /bin/sh;
			shellScript = "if [ -z \"$CI\" ]; then\n    \"${PODS_ROOT}/SwiftLint/swiftlint\"\nfi\n";
		};
		93991C150EE30C8D09BBE0B2 /* [CP] Embed Pods Frameworks */ = {
			isa = PBXShellScriptBuildPhase;
			buildActionMask = 2147483647;
			files = (
			);
			inputFileListPaths = (
				"${PODS_ROOT}/Target Support Files/Pods-MyChat/Pods-MyChat-frameworks-${CONFIGURATION}-input-files.xcfilelist",
			);
			name = "[CP] Embed Pods Frameworks";
			outputFileListPaths = (
				"${PODS_ROOT}/Target Support Files/Pods-MyChat/Pods-MyChat-frameworks-${CONFIGURATION}-output-files.xcfilelist",
			);
			runOnlyForDeploymentPostprocessing = 0;
			shellPath = /bin/sh;
			shellScript = "\"${PODS_ROOT}/Target Support Files/Pods-MyChat/Pods-MyChat-frameworks.sh\"\n";
			showEnvVarsInLog = 0;
		};
/* End PBXShellScriptBuildPhase section */

/* Begin PBXSourcesBuildPhase section */
		8713F096263ED35F0010676C /* Sources */ = {
			isa = PBXSourcesBuildPhase;
			buildActionMask = 2147483647;
			files = (
				8713F09D263ED35F0010676C /* SaveProfileServiceTests.swift in Sources */,
				87375131264085C200EBC674 /* ThemeServiceTest.swift in Sources */,
			);
			runOnlyForDeploymentPostprocessing = 0;
		};
		8713F0A4263F341E0010676C /* Sources */ = {
			isa = PBXSourcesBuildPhase;
			buildActionMask = 2147483647;
			files = (
				8713F0AB263F341E0010676C /* ProfileVCUITests.swift in Sources */,
			);
			runOnlyForDeploymentPostprocessing = 0;
		};
		8723469925D6858100ED3E4E /* Sources */ = {
			isa = PBXSourcesBuildPhase;
			buildActionMask = 2147483647;
			files = (
				87453EED26282EFB000E059E /* ServiceAssembly.swift in Sources */,
				8706E189260926CF003DF879 /* FirestoreService.swift in Sources */,
				877DD8B525E8E6BA002B8ADC /* ConversationListCell.swift in Sources */,
				877F70E82626E00500125CE4 /* ThemePickerButton.swift in Sources */,
				8788EC382627380600AE6AF0 /* MessageFetchetResultController.swift in Sources */,
				877A571F25F9825C00742428 /* UIImageView + Extension.swift in Sources */,
				87453EE926282A42000E059E /* CoreAssembly.swift in Sources */,
				877DD8CC25E90534002B8ADC /* ConversationListViewController.swift in Sources */,
				877C1B3825F1722800290FCD /* ThemesViewController.swift in Sources */,
				8700E4FF260BA36A00606A26 /* MessageBar.swift in Sources */,
				87C752A326258614002D4C57 /* Theme.swift in Sources */,
				87476A27260C8EAA00979EB3 /* String + Extension.swift in Sources */,
				87013206262FF6AE009DB275 /* RequestSender.swift in Sources */,
				87BB3FCA25FE8ED500FAB54B /* Profile.swift in Sources */,
				875F539325FFCF3300038B1F /* UIViewController + extension.swift in Sources */,
				87C0C919260CDDF5009C66D5 /* ErrorAlert.swift in Sources */,
				872D76A12636C21C00C9CA2C /* TransitionManager.swift in Sources */,
				87D6DA26262CA561002B2426 /* AvaCell.swift in Sources */,
				8723855426305520004657F3 /* RequestConfig.swift in Sources */,
				87F6C4C526398F8900289027 /* AnimatedButton.swift in Sources */,
				8759982325F687DA00D6F710 /* ThemeService.swift in Sources */,
				8759A9AF25E9530D00B945D5 /* ConversationViewController.swift in Sources */,
				87238557263056B0004657F3 /* ImageParser.swift in Sources */,
				87BB3FC425FE707200FAB54B /* SaveProfileService.swift in Sources */,
				8733C02D25E558E100705BD4 /* AvatarView.swift in Sources */,
				877F70F32626F15B00125CE4 /* UITableView + Extension.swift in Sources */,
				87BB3FC725FE70F000FAB54B /* FilesManager.swift in Sources */,
				877F70E22626D89A00125CE4 /* ModelConversationList.swift in Sources */,
				873FAEA826068B4200ECBE33 /* FileNames.swift in Sources */,
				8723855A26305863004657F3 /* ImageRequest.swift in Sources */,
				8788EC3E26273A0A00AE6AF0 /* ModelConversation.swift in Sources */,
				87593CA52624716300395E77 /* ProfileButton.swift in Sources */,
				87DD613226320226003D259E /* Spinner.swift in Sources */,
				8701FBBB2615C26000B06005 /* UIColor + Extension.swift in Sources */,
				8706E18C26092790003DF879 /* ListenerService.swift in Sources */,
				8788EC442627417300AE6AF0 /* MessageFRCDelegate.swift in Sources */,
				87DD6138263204D5003D259E /* PhotosCollectionDataSource.swift in Sources */,
				8788EC5C2627860E00AE6AF0 /* ImagePicker.swift in Sources */,
				874E44A325E2959F0045DCEE /* UIAlertController + Extension.swift in Sources */,
				879232BC260776BA004422A2 /* Channel.swift in Sources */,
				87C2187E26134CB800E17BF3 /* SpeechBubble.swift in Sources */,
				8759A9B325E953E000B945D5 /* IncomingCell.swift in Sources */,
				873F8CBD2614675E009C9BCD /* ObjectExtensions.swift in Sources */,
				872346AB25D6858100ED3E4E /* MyChat.xcdatamodeld in Sources */,
				87D6DA21262C840C002B2426 /* PhotosCollectionVC.swift in Sources */,
				87238560263063D9004657F3 /* ImageService.swift in Sources */,
				873F8CBA2614671F009C9BCD /* CoreDataStack.swift in Sources */,
				8700E502260BA3CC00606A26 /* MessageTextView.swift in Sources */,
				876B809825E1A35A00D0D323 /* ProfileViewController.swift in Sources */,
				87593C9226244A9800395E77 /* SaveProfileOperation.swift in Sources */,
				87F6C4C026397F1900289027 /* EmitterViewController.swift in Sources */,
				87EA85F0262CD5FC009E2D53 /* PhotosVCHeader.swift in Sources */,
				879232BF260776E3004422A2 /* Message.swift in Sources */,
				87237011261E0E6A00C25486 /* TableViewDataSourceChannels.swift in Sources */,
				87D6DA1B262C7EFF002B2426 /* ModelPhotosVC.swift in Sources */,
				87B7C8B825EA9D9B00A99C94 /* OutgoingCell.swift in Sources */,
				872346A125D6858100ED3E4E /* AppDelegate.swift in Sources */,
				87238551263054F0004657F3 /* RequestFactory.swift in Sources */,
				8788EC4926274C1100AE6AF0 /* Colors.swift in Sources */,
				877F70EB2626E24800125CE4 /* FetchedResultController.swift in Sources */,
				87AE3E95261EEE0900B93D53 /* TableViewDataSourseConversation.swift in Sources */,
				8759A9AC25E94C4000B945D5 /* Date + Extension.swift in Sources */,
				8701FBB82615C21A00B06005 /* CGFloat + Extension.swift in Sources */,
				87453EF826285B51000E059E /* PresentationAssembly.swift in Sources */,
				8712503F25F3DA4900804702 /* ThemeButtonView.swift in Sources */,
				873F8CC026146EE7009C9BCD /* RequestService.swift in Sources */,
				879E6BCD25F7796800E0EB8A /* PaletteProtocol.swift in Sources */,
				8709378B25F4F5DD0036CD73 /* UIWindow + Extension.swift in Sources */,
				8723854C26304FF9004657F3 /* NetworkError.swift in Sources */,
				877F70F02626F0E400125CE4 /* ChannelFRCDelegate.swift in Sources */,
				87593C9526244AC400395E77 /* LoadProfileOperation.swift in Sources */,
			);
			runOnlyForDeploymentPostprocessing = 0;
		};
/* End PBXSourcesBuildPhase section */

/* Begin PBXTargetDependency section */
		8713F0A0263ED35F0010676C /* PBXTargetDependency */ = {
			isa = PBXTargetDependency;
			target = 8723469C25D6858100ED3E4E /* MyChat */;
			targetProxy = 8713F09F263ED35F0010676C /* PBXContainerItemProxy */;
		};
		8713F0AE263F341E0010676C /* PBXTargetDependency */ = {
			isa = PBXTargetDependency;
			target = 8723469C25D6858100ED3E4E /* MyChat */;
			targetProxy = 8713F0AD263F341E0010676C /* PBXContainerItemProxy */;
		};
/* End PBXTargetDependency section */

/* Begin PBXVariantGroup section */
		872346A625D6858100ED3E4E /* Main.storyboard */ = {
			isa = PBXVariantGroup;
			children = (
				872346A725D6858100ED3E4E /* Base */,
			);
			name = Main.storyboard;
			sourceTree = "<group>";
		};
		872346AE25D6858400ED3E4E /* LaunchScreen.storyboard */ = {
			isa = PBXVariantGroup;
			children = (
				872346AF25D6858400ED3E4E /* Base */,
			);
			name = LaunchScreen.storyboard;
			sourceTree = "<group>";
		};
/* End PBXVariantGroup section */

/* Begin XCBuildConfiguration section */
		8713F0A1263ED35F0010676C /* Debug */ = {
			isa = XCBuildConfiguration;
			buildSettings = {
				BUNDLE_LOADER = "$(TEST_HOST)";
				CODE_SIGN_STYLE = Automatic;
				COPY_HEADERS_RUN_UNIFDEF = NO;
				DEVELOPMENT_TEAM = PVVSWG9FDA;
				FRAMEWORK_SEARCH_PATHS = "";
				HEADER_SEARCH_PATHS = "\"${SRCROOT}/Pods/Firebase/CoreOnly/Sources\"";
				INFOPLIST_FILE = MyChatTests/Info.plist;
				IPHONEOS_DEPLOYMENT_TARGET = 12.1;
				LD_RUNPATH_SEARCH_PATHS = (
					"$(inherited)",
					"@executable_path/Frameworks",
					"@loader_path/Frameworks",
				);
				PRODUCT_BUNDLE_IDENTIFIER = tinkof.MyChatTests;
				PRODUCT_NAME = "$(TARGET_NAME)";
				SWIFT_VERSION = 5.0;
				TARGETED_DEVICE_FAMILY = "1,2";
				TEST_HOST = "$(BUILT_PRODUCTS_DIR)/MyChat.app/MyChat";
			};
			name = Debug;
		};
		8713F0A2263ED35F0010676C /* Release */ = {
			isa = XCBuildConfiguration;
			buildSettings = {
				BUNDLE_LOADER = "$(TEST_HOST)";
				CODE_SIGN_STYLE = Automatic;
				COPY_HEADERS_RUN_UNIFDEF = NO;
				DEVELOPMENT_TEAM = PVVSWG9FDA;
				FRAMEWORK_SEARCH_PATHS = "";
				HEADER_SEARCH_PATHS = "\"${SRCROOT}/Pods/Firebase/CoreOnly/Sources\"";
				INFOPLIST_FILE = MyChatTests/Info.plist;
				IPHONEOS_DEPLOYMENT_TARGET = 12.1;
				LD_RUNPATH_SEARCH_PATHS = (
					"$(inherited)",
					"@executable_path/Frameworks",
					"@loader_path/Frameworks",
				);
				PRODUCT_BUNDLE_IDENTIFIER = tinkof.MyChatTests;
				PRODUCT_NAME = "$(TARGET_NAME)";
				SWIFT_VERSION = 5.0;
				TARGETED_DEVICE_FAMILY = "1,2";
				TEST_HOST = "$(BUILT_PRODUCTS_DIR)/MyChat.app/MyChat";
			};
			name = Release;
		};
		8713F0AF263F341E0010676C /* Debug */ = {
			isa = XCBuildConfiguration;
			buildSettings = {
				CODE_SIGN_STYLE = Automatic;
				DEVELOPMENT_TEAM = PVVSWG9FDA;
				HEADER_SEARCH_PATHS = "\"${SRCROOT}/Pods/Firebase/CoreOnly/Sources\"";
				INFOPLIST_FILE = MyChatUITests/Info.plist;
				IPHONEOS_DEPLOYMENT_TARGET = 12.1;
				LD_RUNPATH_SEARCH_PATHS = (
					"$(inherited)",
					"@executable_path/Frameworks",
					"@loader_path/Frameworks",
				);
				PRODUCT_BUNDLE_IDENTIFIER = tinkof.MyChatUITests;
				PRODUCT_NAME = "$(TARGET_NAME)";
				SWIFT_VERSION = 5.0;
				TARGETED_DEVICE_FAMILY = "1,2";
				TEST_TARGET_NAME = MyChat;
			};
			name = Debug;
		};
		8713F0B0263F341E0010676C /* Release */ = {
			isa = XCBuildConfiguration;
			buildSettings = {
				CODE_SIGN_STYLE = Automatic;
				DEVELOPMENT_TEAM = PVVSWG9FDA;
				HEADER_SEARCH_PATHS = "\"${SRCROOT}/Pods/Firebase/CoreOnly/Sources\"";
				INFOPLIST_FILE = MyChatUITests/Info.plist;
				IPHONEOS_DEPLOYMENT_TARGET = 12.1;
				LD_RUNPATH_SEARCH_PATHS = (
					"$(inherited)",
					"@executable_path/Frameworks",
					"@loader_path/Frameworks",
				);
				PRODUCT_BUNDLE_IDENTIFIER = tinkof.MyChatUITests;
				PRODUCT_NAME = "$(TARGET_NAME)";
				SWIFT_VERSION = 5.0;
				TARGETED_DEVICE_FAMILY = "1,2";
				TEST_TARGET_NAME = MyChat;
			};
			name = Release;
		};
		872346B225D6858400ED3E4E /* Debug */ = {
			isa = XCBuildConfiguration;
			buildSettings = {
				ALWAYS_SEARCH_USER_PATHS = NO;
				CLANG_ANALYZER_NONNULL = YES;
				CLANG_ANALYZER_NUMBER_OBJECT_CONVERSION = YES_AGGRESSIVE;
				CLANG_CXX_LANGUAGE_STANDARD = "gnu++14";
				CLANG_CXX_LIBRARY = "libc++";
				CLANG_ENABLE_MODULES = YES;
				CLANG_ENABLE_OBJC_ARC = YES;
				CLANG_ENABLE_OBJC_WEAK = YES;
				CLANG_WARN_BLOCK_CAPTURE_AUTORELEASING = YES;
				CLANG_WARN_BOOL_CONVERSION = YES;
				CLANG_WARN_COMMA = YES;
				CLANG_WARN_CONSTANT_CONVERSION = YES;
				CLANG_WARN_DEPRECATED_OBJC_IMPLEMENTATIONS = YES;
				CLANG_WARN_DIRECT_OBJC_ISA_USAGE = YES_ERROR;
				CLANG_WARN_DOCUMENTATION_COMMENTS = YES;
				CLANG_WARN_EMPTY_BODY = YES;
				CLANG_WARN_ENUM_CONVERSION = YES;
				CLANG_WARN_INFINITE_RECURSION = YES;
				CLANG_WARN_INT_CONVERSION = YES;
				CLANG_WARN_NON_LITERAL_NULL_CONVERSION = YES;
				CLANG_WARN_OBJC_IMPLICIT_RETAIN_SELF = YES;
				CLANG_WARN_OBJC_LITERAL_CONVERSION = YES;
				CLANG_WARN_OBJC_ROOT_CLASS = YES_ERROR;
				CLANG_WARN_QUOTED_INCLUDE_IN_FRAMEWORK_HEADER = YES;
				CLANG_WARN_RANGE_LOOP_ANALYSIS = YES;
				CLANG_WARN_STRICT_PROTOTYPES = YES;
				CLANG_WARN_SUSPICIOUS_MOVE = YES;
				CLANG_WARN_UNGUARDED_AVAILABILITY = YES_AGGRESSIVE;
				CLANG_WARN_UNREACHABLE_CODE = YES;
				CLANG_WARN__DUPLICATE_METHOD_MATCH = YES;
				COPY_PHASE_STRIP = NO;
				DEBUG_INFORMATION_FORMAT = dwarf;
				ENABLE_STRICT_OBJC_MSGSEND = YES;
				ENABLE_TESTABILITY = YES;
				GCC_C_LANGUAGE_STANDARD = gnu11;
				GCC_DYNAMIC_NO_PIC = NO;
				GCC_NO_COMMON_BLOCKS = YES;
				GCC_OPTIMIZATION_LEVEL = 0;
				GCC_PREPROCESSOR_DEFINITIONS = (
					"DEBUG=1",
					"$(inherited)",
				);
				GCC_WARN_64_TO_32_BIT_CONVERSION = YES;
				GCC_WARN_ABOUT_RETURN_TYPE = YES_ERROR;
				GCC_WARN_UNDECLARED_SELECTOR = YES;
				GCC_WARN_UNINITIALIZED_AUTOS = YES_AGGRESSIVE;
				GCC_WARN_UNUSED_FUNCTION = YES;
				GCC_WARN_UNUSED_VARIABLE = YES;
				IPHONEOS_DEPLOYMENT_TARGET = 12.1;
				MTL_ENABLE_DEBUG_INFO = INCLUDE_SOURCE;
				MTL_FAST_MATH = YES;
				ONLY_ACTIVE_ARCH = YES;
				SDKROOT = iphoneos;
				SWIFT_ACTIVE_COMPILATION_CONDITIONS = DEBUG;
				SWIFT_OPTIMIZATION_LEVEL = "-Onone";
			};
			name = Debug;
		};
		872346B325D6858400ED3E4E /* Release */ = {
			isa = XCBuildConfiguration;
			buildSettings = {
				ALWAYS_SEARCH_USER_PATHS = NO;
				CLANG_ANALYZER_NONNULL = YES;
				CLANG_ANALYZER_NUMBER_OBJECT_CONVERSION = YES_AGGRESSIVE;
				CLANG_CXX_LANGUAGE_STANDARD = "gnu++14";
				CLANG_CXX_LIBRARY = "libc++";
				CLANG_ENABLE_MODULES = YES;
				CLANG_ENABLE_OBJC_ARC = YES;
				CLANG_ENABLE_OBJC_WEAK = YES;
				CLANG_WARN_BLOCK_CAPTURE_AUTORELEASING = YES;
				CLANG_WARN_BOOL_CONVERSION = YES;
				CLANG_WARN_COMMA = YES;
				CLANG_WARN_CONSTANT_CONVERSION = YES;
				CLANG_WARN_DEPRECATED_OBJC_IMPLEMENTATIONS = YES;
				CLANG_WARN_DIRECT_OBJC_ISA_USAGE = YES_ERROR;
				CLANG_WARN_DOCUMENTATION_COMMENTS = YES;
				CLANG_WARN_EMPTY_BODY = YES;
				CLANG_WARN_ENUM_CONVERSION = YES;
				CLANG_WARN_INFINITE_RECURSION = YES;
				CLANG_WARN_INT_CONVERSION = YES;
				CLANG_WARN_NON_LITERAL_NULL_CONVERSION = YES;
				CLANG_WARN_OBJC_IMPLICIT_RETAIN_SELF = YES;
				CLANG_WARN_OBJC_LITERAL_CONVERSION = YES;
				CLANG_WARN_OBJC_ROOT_CLASS = YES_ERROR;
				CLANG_WARN_QUOTED_INCLUDE_IN_FRAMEWORK_HEADER = YES;
				CLANG_WARN_RANGE_LOOP_ANALYSIS = YES;
				CLANG_WARN_STRICT_PROTOTYPES = YES;
				CLANG_WARN_SUSPICIOUS_MOVE = YES;
				CLANG_WARN_UNGUARDED_AVAILABILITY = YES_AGGRESSIVE;
				CLANG_WARN_UNREACHABLE_CODE = YES;
				CLANG_WARN__DUPLICATE_METHOD_MATCH = YES;
				COPY_PHASE_STRIP = NO;
				DEBUG_INFORMATION_FORMAT = "dwarf-with-dsym";
				ENABLE_NS_ASSERTIONS = NO;
				ENABLE_STRICT_OBJC_MSGSEND = YES;
				GCC_C_LANGUAGE_STANDARD = gnu11;
				GCC_NO_COMMON_BLOCKS = YES;
				GCC_WARN_64_TO_32_BIT_CONVERSION = YES;
				GCC_WARN_ABOUT_RETURN_TYPE = YES_ERROR;
				GCC_WARN_UNDECLARED_SELECTOR = YES;
				GCC_WARN_UNINITIALIZED_AUTOS = YES_AGGRESSIVE;
				GCC_WARN_UNUSED_FUNCTION = YES;
				GCC_WARN_UNUSED_VARIABLE = YES;
				IPHONEOS_DEPLOYMENT_TARGET = 12.1;
				MTL_ENABLE_DEBUG_INFO = NO;
				MTL_FAST_MATH = YES;
				SDKROOT = iphoneos;
				SWIFT_COMPILATION_MODE = wholemodule;
				SWIFT_OPTIMIZATION_LEVEL = "-O";
				VALIDATE_PRODUCT = YES;
			};
			name = Release;
		};
		872346B525D6858400ED3E4E /* Debug */ = {
			isa = XCBuildConfiguration;
			baseConfigurationReference = EC277F95555A8E97EFFC23B7 /* Pods-MyChat.debug.xcconfig */;
			buildSettings = {
				ASSETCATALOG_COMPILER_APPICON_NAME = AppIcon;
				ASSETCATALOG_COMPILER_GLOBAL_ACCENT_COLOR_NAME = AccentColor;
				CODE_SIGN_STYLE = Automatic;
				DEVELOPMENT_TEAM = PVVSWG9FDA;
				INFOPLIST_FILE = "$(SRCROOT)/MyChat/Supporting Files/Info.plist";
				IPHONEOS_DEPLOYMENT_TARGET = 12.1;
				LD_RUNPATH_SEARCH_PATHS = (
					"$(inherited)",
					"@executable_path/Frameworks",
				);
				PRODUCT_BUNDLE_IDENTIFIER = ru.tinkoff.TinkoffChat;
				PRODUCT_NAME = "$(TARGET_NAME)";
				SWIFT_VERSION = 5.0;
				TARGETED_DEVICE_FAMILY = 1;
			};
			name = Debug;
		};
		872346B625D6858400ED3E4E /* Release */ = {
			isa = XCBuildConfiguration;
			baseConfigurationReference = 9C6A1F03A50320AA9611409D /* Pods-MyChat.release.xcconfig */;
			buildSettings = {
				ASSETCATALOG_COMPILER_APPICON_NAME = AppIcon;
				ASSETCATALOG_COMPILER_GLOBAL_ACCENT_COLOR_NAME = AccentColor;
				CODE_SIGN_STYLE = Automatic;
				DEVELOPMENT_TEAM = PVVSWG9FDA;
				INFOPLIST_FILE = "$(SRCROOT)/MyChat/Supporting Files/Info.plist";
				IPHONEOS_DEPLOYMENT_TARGET = 12.1;
				LD_RUNPATH_SEARCH_PATHS = (
					"$(inherited)",
					"@executable_path/Frameworks",
				);
				PRODUCT_BUNDLE_IDENTIFIER = ru.tinkoff.TinkoffChat;
				PRODUCT_NAME = "$(TARGET_NAME)";
				SWIFT_VERSION = 5.0;
				TARGETED_DEVICE_FAMILY = 1;
			};
			name = Release;
		};
/* End XCBuildConfiguration section */

/* Begin XCConfigurationList section */
		8713F0A3263ED35F0010676C /* Build configuration list for PBXNativeTarget "MyChatTests" */ = {
			isa = XCConfigurationList;
			buildConfigurations = (
				8713F0A1263ED35F0010676C /* Debug */,
				8713F0A2263ED35F0010676C /* Release */,
			);
			defaultConfigurationIsVisible = 0;
			defaultConfigurationName = Release;
		};
		8713F0B1263F341E0010676C /* Build configuration list for PBXNativeTarget "MyChatUITests" */ = {
			isa = XCConfigurationList;
			buildConfigurations = (
				8713F0AF263F341E0010676C /* Debug */,
				8713F0B0263F341E0010676C /* Release */,
			);
			defaultConfigurationIsVisible = 0;
			defaultConfigurationName = Release;
		};
		8723469825D6858100ED3E4E /* Build configuration list for PBXProject "MyChat" */ = {
			isa = XCConfigurationList;
			buildConfigurations = (
				872346B225D6858400ED3E4E /* Debug */,
				872346B325D6858400ED3E4E /* Release */,
			);
			defaultConfigurationIsVisible = 0;
			defaultConfigurationName = Release;
		};
		872346B425D6858400ED3E4E /* Build configuration list for PBXNativeTarget "MyChat" */ = {
			isa = XCConfigurationList;
			buildConfigurations = (
				872346B525D6858400ED3E4E /* Debug */,
				872346B625D6858400ED3E4E /* Release */,
			);
			defaultConfigurationIsVisible = 0;
			defaultConfigurationName = Release;
		};
/* End XCConfigurationList section */

/* Begin XCVersionGroup section */
		872346A925D6858100ED3E4E /* MyChat.xcdatamodeld */ = {
			isa = XCVersionGroup;
			children = (
				872346AA25D6858100ED3E4E /* MyChat.xcdatamodel */,
			);
			currentVersion = 872346AA25D6858100ED3E4E /* MyChat.xcdatamodel */;
			path = MyChat.xcdatamodeld;
			sourceTree = "<group>";
			versionGroupType = wrapper.xcdatamodel;
		};
/* End XCVersionGroup section */
	};
	rootObject = 8723469525D6858100ED3E4E /* Project object */;
}
